
Microsoft Visual Studio Solution File, Format Version 12.00
# Visual Studio Version 17
VisualStudioVersion = 17.0.31903.59
MinimumVisualStudioVersion = 10.0.40219.1
Project("{2150E333-8FDC-42A3-9474-1A3956D46DE8}") = "Countries", "Countries", "{CD278762-9ACD-48B2-BD8A-424C2CD42A38}"
EndProject
Project("{2150E333-8FDC-42A3-9474-1A3956D46DE8}") = "AL", "AL", "{BF0A4A12-4248-4DA6-9357-FED1990BDB2C}"
EndProject
Project("{FAE04EC0-301F-11D3-BF4B-00C04F79EFBC}") = "Diamond_AL_granted_patents", "Diamond_AL_granted_patents\Diamond_AL_granted_patents.csproj", "{417B0202-784B-424E-9429-7F50EAD2D0E1}"
EndProject
Project("{2150E333-8FDC-42A3-9474-1A3956D46DE8}") = "DiamondClasses", "DiamondClasses", "{04B67F86-4363-4459-8311-A9DD496F1B36}"
EndProject
Project("{9A19103F-16F7-4668-BE54-9A1E7A4F7556}") = "DiamondProjectClasses", "Countries\DiamondClasses\DiamondProjectClasses.csproj", "{316759E5-C753-4A26-ACFB-D078BD432177}"
EndProject
Project("{2150E333-8FDC-42A3-9474-1A3956D46DE8}") = "AP", "AP", "{9A321F61-F447-47D9-87B1-5CA67201BF2D}"
EndProject
Project("{FAE04EC0-301F-11D3-BF4B-00C04F79EFBC}") = "Diamond_AP", "Diamond_AP\Diamond_AP.csproj", "{B097F9C0-36F9-434E-86E4-C3C18411182D}"
EndProject
Project("{FAE04EC0-301F-11D3-BF4B-00C04F79EFBC}") = "Diamond_AP_LE", "Diamond_AP_LE\Diamond_AP_LE.csproj", "{087AAC9F-29DF-453A-A26D-D50FFA0D8E13}"
EndProject
Project("{FAE04EC0-301F-11D3-BF4B-00C04F79EFBC}") = "Diamond_AP_patent_application_renewed", "Diamond_AP_patent_application_renewed\Diamond_AP_patent_application_renewed.csproj", "{5F02A036-2672-47F0-A25A-D6AC266F1211}"
EndProject
Project("{FAE04EC0-301F-11D3-BF4B-00C04F79EFBC}") = "Diamond_AP_patent_applications_filed", "Diamond_AP_patent_applications_filed\Diamond_AP_patent_applications_filed.csproj", "{0F6A684C-AC5E-4750-8138-5A5AFB9FC310}"
EndProject
Project("{FAE04EC0-301F-11D3-BF4B-00C04F79EFBC}") = "Diamond_AP_patents_granted", "Diamond_AP_patents_granted\Diamond_AP_patents_granted.csproj", "{EC2F9155-6CAF-4BB7-A2E6-97DDF97E152B}"
EndProject
Project("{2150E333-8FDC-42A3-9474-1A3956D46DE8}") = "AR", "AR", "{3AE48ABE-16A9-47E6-BC98-DC6DB676195E}"
EndProject
Project("{FAE04EC0-301F-11D3-BF4B-00C04F79EFBC}") = "Diamond_AR", "Diamond_AR\Diamond_AR.csproj", "{A141EC05-DD81-4F71-8AD5-B478A09C51BF}"
EndProject
Project("{FAE04EC0-301F-11D3-BF4B-00C04F79EFBC}") = "Diamond_AR_patent_bulletin_granted", "Diamond_AR_patent_bulletin_granted\Diamond_AR_patent_bulletin_granted.csproj", "{9011A46A-08F4-4508-BA3E-803AEBC9F4AF}"
EndProject
Project("{2150E333-8FDC-42A3-9474-1A3956D46DE8}") = "AT", "AT", "{67CB29E1-BDFC-4445-A35D-D230F644D6F6}"
EndProject
Project("{FAE04EC0-301F-11D3-BF4B-00C04F79EFBC}") = "Diamond_AT", "Diamond_AT\Diamond_AT.csproj", "{E0E9741E-C689-48E9-8C19-68AE925F1C3D}"
EndProject
Project("{2150E333-8FDC-42A3-9474-1A3956D46DE8}") = "AU", "AU", "{91C5611B-2039-4F7D-896A-2F830CF4D4CA}"
EndProject
Project("{FAE04EC0-301F-11D3-BF4B-00C04F79EFBC}") = "Diamond_AU", "Diamond_AU\Diamond_AU.csproj", "{0DEE5166-D867-43D6-9199-A92D818FDB84}"
EndProject
Project("{2150E333-8FDC-42A3-9474-1A3956D46DE8}") = "BA", "BA", "{25E50513-CA7C-43B2-B9F8-E4684F9A3085}"
EndProject
Project("{FAE04EC0-301F-11D3-BF4B-00C04F79EFBC}") = "Diamond_BA", "Diamond_BA\Diamond_BA.csproj", "{4C1F392B-4AC8-4DEB-A707-51BD32A30A29}"
EndProject
Project("{FAE04EC0-301F-11D3-BF4B-00C04F79EFBC}") = "Diamond_BA_publication_of_europen_patents", "Diamond_BA_publication_of_europen_patents\Diamond_BA_publication_of_europen_patents.csproj", "{5E2C7958-89A3-45F5-BE1C-C703218A1399}"
EndProject
Project("{2150E333-8FDC-42A3-9474-1A3956D46DE8}") = "BG", "BG", "{B2369ED3-1F7E-4E57-BC60-82806E41B74E}"
EndProject
Project("{FAE04EC0-301F-11D3-BF4B-00C04F79EFBC}") = "Diamond_BG", "Diamond_BG\Diamond_BG.csproj", "{A1C74200-C2EA-4CEE-B251-CD5F0E0896D0}"
EndProject
Project("{FAE04EC0-301F-11D3-BF4B-00C04F79EFBC}") = "Diamond_BG_Granted_European_patents", "Diamond_BG_Granted_European_patents\Diamond_BG_Granted_European_patents.csproj", "{205FA679-B68B-4F14-A4C7-8F6FA96633DB}"
EndProject
Project("{2150E333-8FDC-42A3-9474-1A3956D46DE8}") = "BY", "BY", "{1ECFEEC7-D8E8-443E-BF93-C8B84C9D9C95}"
EndProject
Project("{FAE04EC0-301F-11D3-BF4B-00C04F79EFBC}") = "Diamond_BY", "Diamond_BY\Diamond_BY.csproj", "{5D485A25-52BD-4509-AC56-1FC6F9F31E21}"
EndProject
Project("{2150E333-8FDC-42A3-9474-1A3956D46DE8}") = "CZ", "CZ", "{4EB8AA09-8B99-4A3F-B922-58BB2BEC397F}"
EndProject
Project("{FAE04EC0-301F-11D3-BF4B-00C04F79EFBC}") = "CZ", "CZ\CZ.csproj", "{B541055F-CF0E-41A9-B51C-D3074A4A4A2B}"
EndProject
Project("{2150E333-8FDC-42A3-9474-1A3956D46DE8}") = "DE", "DE", "{FE9ED0C5-A793-473E-BA69-B3645EA85C9C}"
EndProject
Project("{FAE04EC0-301F-11D3-BF4B-00C04F79EFBC}") = "Diamond_DE", "Diamond_DE\Diamond_DE.csproj", "{C41E7A52-088D-40AD-9731-926024EAEC91}"
EndProject
Project("{2150E333-8FDC-42A3-9474-1A3956D46DE8}") = "EA", "EA", "{2B34EC88-E0D3-4CB1-BB57-025814A0E176}"
EndProject
Project("{FAE04EC0-301F-11D3-BF4B-00C04F79EFBC}") = "Diamond_EA", "Diamond_EA\Diamond_EA.csproj", "{C96104E6-FD60-4504-8321-BD2A371A08F6}"
EndProject
Project("{2150E333-8FDC-42A3-9474-1A3956D46DE8}") = "EE", "EE", "{22CA9455-54AB-4228-A242-8C51DDE518AA}"
EndProject
Project("{FAE04EC0-301F-11D3-BF4B-00C04F79EFBC}") = "EE", "EE\EE.csproj", "{9F3A29CA-A393-4A52-9436-8C8E9A0734E1}"
EndProject
Project("{2150E333-8FDC-42A3-9474-1A3956D46DE8}") = "EP", "EP", "{24232993-F2CD-436F-AB17-D1D28472E635}"
EndProject
Project("{FAE04EC0-301F-11D3-BF4B-00C04F79EFBC}") = "Diamond_EP", "Diamond_EP\Diamond_EP.csproj", "{F5E9F61B-92FF-457E-9459-6E328F7EA77C}"
EndProject
Project("{2150E333-8FDC-42A3-9474-1A3956D46DE8}") = "FR", "FR", "{594C879F-81B9-4295-B2D6-4B5E233A8A7C}"
EndProject
Project("{FAE04EC0-301F-11D3-BF4B-00C04F79EFBC}") = "Diamond_FR", "Diamond_FR\Diamond_FR.csproj", "{09EBAA37-CF72-47C2-87F2-E4561C3E8F4F}"
EndProject
Project("{2150E333-8FDC-42A3-9474-1A3956D46DE8}") = "GB", "GB", "{11B19753-4DBA-4D13-B98E-335ACAF824E8}"
EndProject
Project("{FAE04EC0-301F-11D3-BF4B-00C04F79EFBC}") = "Diamond_GB", "Diamond_GB\Diamond_GB.csproj", "{83613E1E-4E1C-4CE8-8E71-E5258BE02240}"
EndProject
Project("{2150E333-8FDC-42A3-9474-1A3956D46DE8}") = "GC", "GC", "{4E0AED62-DE22-4DBF-8499-8385D5AE6331}"
EndProject
Project("{FAE04EC0-301F-11D3-BF4B-00C04F79EFBC}") = "Diamond_GC", "Diamond_GC\Diamond_GC.csproj", "{7A9FF932-A1E4-4B34-93D5-1189C59BC1E7}"
EndProject
Project("{FAE04EC0-301F-11D3-BF4B-00C04F79EFBC}") = "Diamond_GC_OCR", "Diamond_GC_OCR\Diamond_GC_OCR.csproj", "{45E91832-B2B0-43A3-89B1-374EA3800981}"
EndProject
Project("{2150E333-8FDC-42A3-9474-1A3956D46DE8}") = "ID", "ID", "{FA789B5F-0C2D-4E0C-8D09-260ECF13BDA9}"
EndProject
Project("{FAE04EC0-301F-11D3-BF4B-00C04F79EFBC}") = "Diamond_ID", "Diamond_ID\Diamond_ID.csproj", "{FEFEFA08-4E1E-4C2B-AD60-295811D497FA}"
EndProject
Project("{FAE04EC0-301F-11D3-BF4B-00C04F79EFBC}") = "Diamond_ID_patent_application", "Diamond_ID_patent_application\Diamond_ID_patent_application.csproj", "{5B496734-BFBE-43B1-BB96-EA3B592EBC76}"
EndProject
Project("{2150E333-8FDC-42A3-9474-1A3956D46DE8}") = "IE", "IE", "{45CDD342-2F02-446E-BE63-F30AEC9B6B94}"
EndProject
Project("{FAE04EC0-301F-11D3-BF4B-00C04F79EFBC}") = "Diamond_IE", "Diamond_IE\Diamond_IE.csproj", "{C8EF3FC8-4FF1-4CF9-9D68-E062EDFF0AE0}"
EndProject
Project("{2150E333-8FDC-42A3-9474-1A3956D46DE8}") = "IL", "IL", "{8325F86A-12DC-4D97-8909-729330036F73}"
EndProject
Project("{FAE04EC0-301F-11D3-BF4B-00C04F79EFBC}") = "Diamond_IL", "Diamond_IL\Diamond_IL.csproj", "{FA878902-C9E1-4FFF-BACA-09E1136CF538}"
EndProject
Project("{2150E333-8FDC-42A3-9474-1A3956D46DE8}") = "IN", "IN", "{83C8FCE9-DD4D-4FC8-A7F2-D78F4D508BA8}"
EndProject
Project("{FAE04EC0-301F-11D3-BF4B-00C04F79EFBC}") = "Diamond_IN", "Diamond_IN\Diamond_IN.csproj", "{F6DB7B18-AFCC-4D50-AD30-826A89255E21}"
EndProject
Project("{2150E333-8FDC-42A3-9474-1A3956D46DE8}") = "LK", "LK", "{C9A16820-6216-4643-B073-ECF00907C5DC}"
EndProject
Project("{FAE04EC0-301F-11D3-BF4B-00C04F79EFBC}") = "LK", "LK\LK.csproj", "{3FBB1AA4-D956-49A7-A49C-E84A6BFABD26}"
EndProject
Project("{2150E333-8FDC-42A3-9474-1A3956D46DE8}") = "LT", "LT", "{CA81B0ED-B766-418B-A7C5-6FFFF63FA3EB}"
EndProject
Project("{FAE04EC0-301F-11D3-BF4B-00C04F79EFBC}") = "LT", "LT\LT.csproj", "{253D954D-540D-4F2E-9993-4547D62AB766}"
EndProject
Project("{2150E333-8FDC-42A3-9474-1A3956D46DE8}") = "MA", "MA", "{EBF09046-CA24-49A6-8007-BC416A82C5D1}"
EndProject
Project("{FAE04EC0-301F-11D3-BF4B-00C04F79EFBC}") = "Diamond_MA", "Diamond_MA\Diamond_MA.csproj", "{D72E56EA-3275-4E8E-B2E4-D04663BE2AE8}"
EndProject
Project("{FAE04EC0-301F-11D3-BF4B-00C04F79EFBC}") = "Diamond_MA_old", "Diamond_MA_old\Diamond_MA_old.csproj", "{6D69D502-660C-4851-BD24-E2996B7996C8}"
EndProject
Project("{2150E333-8FDC-42A3-9474-1A3956D46DE8}") = "ME", "ME", "{B6C24592-556D-4AB2-AE80-B79142707DA4}"
EndProject
Project("{FAE04EC0-301F-11D3-BF4B-00C04F79EFBC}") = "Diamond_ME", "Diamond_ME\Diamond_ME.csproj", "{CEF24CA8-1462-445B-9B58-C2D2AFCCD47B}"
EndProject
Project("{2150E333-8FDC-42A3-9474-1A3956D46DE8}") = "MK", "MK", "{90553E96-C5A6-47B2-B83A-2390E273E8B8}"
EndProject
Project("{FAE04EC0-301F-11D3-BF4B-00C04F79EFBC}") = "Diamond_MK", "Diamond_MK\Diamond_MK.csproj", "{7C3401C5-7357-451C-9567-192E2E6EDBBC}"
EndProject
Project("{FAE04EC0-301F-11D3-BF4B-00C04F79EFBC}") = "Diamond_MK_international_Patents", "Diamond_MK_international_Patents\Diamond_MK_international_Patents.csproj", "{9C574CF5-8C7A-49AD-AB25-F7D16E1BCC2D}"
EndProject
Project("{2150E333-8FDC-42A3-9474-1A3956D46DE8}") = "MX", "MX", "{CF5EA6E1-979B-47EA-8996-067640332923}"
EndProject
Project("{FAE04EC0-301F-11D3-BF4B-00C04F79EFBC}") = "Diamond_MX", "Diamond_MX\Diamond_MX.csproj", "{9715B402-C2D1-4CCD-8A38-35FD4C4E75DC}"
EndProject
Project("{2150E333-8FDC-42A3-9474-1A3956D46DE8}") = "MY", "MY", "{E12C742B-C8FF-4B2D-BC4A-6A42510C1FE1}"
EndProject
Project("{FAE04EC0-301F-11D3-BF4B-00C04F79EFBC}") = "Diamond_MY", "Diamond_MY\Diamond_MY.csproj", "{8C7D666E-21B0-4031-B047-4945E244E135}"
EndProject
Project("{2150E333-8FDC-42A3-9474-1A3956D46DE8}") = "NL", "NL", "{F6B4139A-51CD-4390-A609-BB6168AF1D6A}"
EndProject
Project("{FAE04EC0-301F-11D3-BF4B-00C04F79EFBC}") = "Diamond_NL", "Diamond_NL\Diamond_NL.csproj", "{C0134AED-E084-4CB0-A65E-7776D01FE836}"
EndProject
Project("{2150E333-8FDC-42A3-9474-1A3956D46DE8}") = "NZ", "NZ", "{871B286A-35DE-497F-A2C7-EAB586172D41}"
EndProject
Project("{FAE04EC0-301F-11D3-BF4B-00C04F79EFBC}") = "Diamond_NZ", "Diamond_NZ\Diamond_NZ.csproj", "{8D3AA862-4B03-4821-9776-4E50BFDB7D2F}"
EndProject
Project("{2150E333-8FDC-42A3-9474-1A3956D46DE8}") = "OA", "OA", "{37873775-745D-4F76-8176-794D2F68AE31}"
EndProject
Project("{FAE04EC0-301F-11D3-BF4B-00C04F79EFBC}") = "Diamond_OA", "Diamond_OA\Diamond_OA.csproj", "{7164E4C4-5624-429B-9C1F-D01635B53553}"
EndProject
Project("{FAE04EC0-301F-11D3-BF4B-00C04F79EFBC}") = "Diamond_OA_patent_of_invention", "Diamond_OA_patent_of_invention\Diamond_OA_patent_of_invention.csproj", "{CEED45BC-928C-4CFE-8259-D3A004475F4E}"
EndProject
Project("{2150E333-8FDC-42A3-9474-1A3956D46DE8}") = "RU", "RU", "{722BE759-670A-43DD-A8B4-F504D8DE598D}"
EndProject
Project("{FAE04EC0-301F-11D3-BF4B-00C04F79EFBC}") = "RU", "RU\RU.csproj", "{78CFA7E6-DC81-4F4F-BB3E-F763C91E564E}"
EndProject
Project("{2150E333-8FDC-42A3-9474-1A3956D46DE8}") = "SE", "SE", "{B3761A6D-5BC0-44E0-9FC6-E325551F79E2}"
EndProject
Project("{2150E333-8FDC-42A3-9474-1A3956D46DE8}") = "SG", "SG", "{A2F41DFF-7FE0-4B48-9482-B79C07BA13C7}"
EndProject
Project("{FAE04EC0-301F-11D3-BF4B-00C04F79EFBC}") = "Diamond_SG", "Diamond_SG\Diamond_SG.csproj", "{F6895A68-CA62-4A2A-A934-29A5557C1EE3}"
EndProject
Project("{2150E333-8FDC-42A3-9474-1A3956D46DE8}") = "US", "US", "{C49605B8-DAB3-4DC8-A7AC-F946B2DE2BD5}"
EndProject
Project("{FAE04EC0-301F-11D3-BF4B-00C04F79EFBC}") = "Diamond_US", "Diamond_US\Diamond_US.csproj", "{D823BCD1-74E6-4FED-9DDC-AD982F194F7D}"
EndProject
Project("{2150E333-8FDC-42A3-9474-1A3956D46DE8}") = "UY", "UY", "{1162E8F8-7781-448E-9864-02E816705243}"
EndProject
Project("{FAE04EC0-301F-11D3-BF4B-00C04F79EFBC}") = "Diamond_UY_applications_for_invention", "Diamond_UY_applications_for_invention\Diamond_UY_applications_for_invention.csproj", "{5A56C11C-527B-4F8E-A3B3-CE09FADC47B0}"
EndProject
Project("{2150E333-8FDC-42A3-9474-1A3956D46DE8}") = "VE", "VE", "{1F170898-FB91-4813-B7EC-F299CFAAD6C8}"
EndProject
Project("{FAE04EC0-301F-11D3-BF4B-00C04F79EFBC}") = "Diamond_VE", "Diamond_VE\Diamond_VE.csproj", "{10762C04-C781-4338-868D-C62EC4E8AEF0}"
EndProject
Project("{2150E333-8FDC-42A3-9474-1A3956D46DE8}") = "ZA", "ZA", "{FFE39D66-D058-493B-9737-987E0B9885F4}"
EndProject
Project("{FAE04EC0-301F-11D3-BF4B-00C04F79EFBC}") = "Diamond_ZA", "Diamond_ZA\Diamond_ZA.csproj", "{7A841213-4D27-4AB2-B8EB-FAB68F67526D}"
EndProject
Project("{FAE04EC0-301F-11D3-BF4B-00C04F79EFBC}") = "Diamond_ZA_applications_for_patents", "Diamond_ZA_applications_for_patents\Diamond_ZA_applications_for_patents.csproj", "{FBC84BAB-0E85-4937-B216-69EEB949EE57}"
EndProject
Project("{FAE04EC0-301F-11D3-BF4B-00C04F79EFBC}") = "Diamond_ZA_assignments_in_terms", "Diamond_ZA_assignments_in_terms\Diamond_ZA_assignments_in_terms.csproj", "{207B72F8-ED3E-488B-8F09-B64556473742}"
EndProject
Project("{FAE04EC0-301F-11D3-BF4B-00C04F79EFBC}") = "Diamond_ZA_Change_of_name_in_terms", "Diamond_ZA_Change_of_name_in_terms\Diamond_ZA_Change_of_name_in_terms.csproj", "{1C8E6EE9-79D7-46DF-A8F7-3B07FD90FD7E}"
EndProject
Project("{FAE04EC0-301F-11D3-BF4B-00C04F79EFBC}") = "Diamond_ZA_complete_specifications_accepted", "Diamond_ZA_complete_specifications_accepted\Diamond_ZA_complete_specifications_accepted.csproj", "{E71A21C6-C52A-4272-92F2-0C78211A73BB}"
EndProject
Project("{2150E333-8FDC-42A3-9474-1A3956D46DE8}") = "ES", "ES", "{FC93A234-C883-488C-880D-CB4D27FB94D2}"
EndProject
Project("{FAE04EC0-301F-11D3-BF4B-00C04F79EFBC}") = "Diamond_ES", "Diamond_ES\Diamond_ES.csproj", "{DB3D7949-4E23-4418-9BC2-071F6453F2BC}"
EndProject
Project("{2150E333-8FDC-42A3-9474-1A3956D46DE8}") = "SI", "SI", "{D4683EA8-E92A-49EB-B398-AB9D3337248B}"
EndProject
Project("{FAE04EC0-301F-11D3-BF4B-00C04F79EFBC}") = "Diamond_SI", "Diamond_SI\Diamond_SI.csproj", "{3539AC76-2B5F-47DE-B6AD-B735D58232C9}"
EndProject
Project("{FAE04EC0-301F-11D3-BF4B-00C04F79EFBC}") = "Diamond_NZ_Subcodes_1_2_4", "Diamond_NZ_Subcodes_1_2_4\Diamond_NZ_Subcodes_1_2_4.csproj", "{843823A3-576C-46D4-A5FB-5CB3F3BF2C73}"
EndProject
Project("{FAE04EC0-301F-11D3-BF4B-00C04F79EFBC}") = "Diamond_IE_Subcodes_7_8", "Diamond_IE_Subcodes_7_8\Diamond_IE_Subcodes_7_8.csproj", "{617FB7EE-FF20-493C-80E0-419B653E48EF}"
EndProject
Project("{FAE04EC0-301F-11D3-BF4B-00C04F79EFBC}") = "Diamond_BG_Subcode_21", "Diamond_BG_Subcode_21\Diamond_BG_Subcode_21.csproj", "{DFA23643-C71A-4021-BC2F-5D5CEEAF028D}"
EndProject
Project("{FAE04EC0-301F-11D3-BF4B-00C04F79EFBC}") = "Diamond_RU", "Diamond_RU\Diamond_RU.csproj", "{0116A66F-AB1F-4E31-9772-09D3FD4FC417}"
EndProject
Project("{FAE04EC0-301F-11D3-BF4B-00C04F79EFBC}") = "Diamond_AU_Subcodes_4_5_6", "Diamond_AU_Subcodes_4_5_6\Diamond_AU_Subcodes_4_5_6.csproj", "{4B83B601-A8EE-4A3B-A02A-8229657EAC41}"
EndProject
Project("{2150E333-8FDC-42A3-9474-1A3956D46DE8}") = "BE", "BE", "{68CD8445-4A4B-40BA-9757-9B4B6B45F0BB}"
EndProject
Project("{FAE04EC0-301F-11D3-BF4B-00C04F79EFBC}") = "Diamond_BE", "Diamond_BE\Diamond_BE.csproj", "{7579FEC5-6E9B-4DBC-A357-15E644BBC6CE}"
EndProject
Project("{FAE04EC0-301F-11D3-BF4B-00C04F79EFBC}") = "Diamond_LK_Subcode_2", "Diamond_LK_Subcode_2\Diamond_LK_Subcode_2.csproj", "{21D3D014-ECD8-491A-8677-9E60AD7F2E4B}"
EndProject
Project("{FAE04EC0-301F-11D3-BF4B-00C04F79EFBC}") = "Diamond_MX_Subcode_4", "Diamond_MX_Subcode_4\Diamond_MX_Subcode_4.csproj", "{B599790E-4D50-484C-863D-652258CBE9BD}"
EndProject
Project("{2150E333-8FDC-42A3-9474-1A3956D46DE8}") = "PH", "PH", "{5CEE8D8B-E5B8-43AB-925F-79A267EF772A}"
EndProject
Project("{FAE04EC0-301F-11D3-BF4B-00C04F79EFBC}") = "Diamond_PH", "Diamond_PH\Diamond_PH.csproj", "{441B7BA3-F928-491D-B3F0-F0B051F1801A}"
EndProject
Project("{2150E333-8FDC-42A3-9474-1A3956D46DE8}") = "SM", "SM", "{CB2A20B7-3BB7-4739-9977-8762763F9E0E}"
EndProject
Project("{FAE04EC0-301F-11D3-BF4B-00C04F79EFBC}") = "Diamond_SM", "Diamond_SM\Diamond_SM.csproj", "{16B79222-BD42-47B8-8FC2-4C707A4A56A5}"
EndProject
Project("{FAE04EC0-301F-11D3-BF4B-00C04F79EFBC}") = "DIamond_IN_Andrey", "DIamond_IN_Andrey\DIamond_IN_Andrey.csproj", "{065441C4-4E48-4B4E-AE28-BDB27E83ED97}"
EndProject
Project("{2150E333-8FDC-42A3-9474-1A3956D46DE8}") = "RS", "RS", "{CABF021D-EFF3-449B-BDF8-F2FFFD529BA2}"
EndProject
Project("{9A19103F-16F7-4668-BE54-9A1E7A4F7556}") = "Diamond_RS", "Diamond_RS\Diamond_RS.csproj", "{16041F09-074C-4B61-B85C-0D33C7C416A6}"
EndProject
Project("{2150E333-8FDC-42A3-9474-1A3956D46DE8}") = "TR", "TR", "{D96318A9-E52F-41FB-9C29-24E89BB315D3}"
EndProject
Project("{9A19103F-16F7-4668-BE54-9A1E7A4F7556}") = "Diamond_TR", "Diamond_TR\Diamond_TR.csproj", "{190158E2-4D0C-4C6A-AC6E-F6F33F6E59D7}"
EndProject
Project("{2150E333-8FDC-42A3-9474-1A3956D46DE8}") = "VN", "VN", "{9EAC3929-F5CE-4E5D-98BE-F6F444CA5EF1}"
EndProject
Project("{9A19103F-16F7-4668-BE54-9A1E7A4F7556}") = "Diamond_VN", "Diamond_VN\Diamond_VN.csproj", "{A98D4A60-A3AF-42C8-868F-C0813D5228B9}"
EndProject
Project("{FAE04EC0-301F-11D3-BF4B-00C04F79EFBC}") = "Diam_ID_newFormat", "Diam_ID_newFormat\Diam_ID_newFormat.csproj", "{CF3FF100-E802-4E63-8982-4F4730EB1295}"
EndProject
Project("{FAE04EC0-301F-11D3-BF4B-00C04F79EFBC}") = "IN", "IN\IN.csproj", "{5B3C571F-526D-49A0-84B8-BD04410FA04E}"
EndProject
Project("{9A19103F-16F7-4668-BE54-9A1E7A4F7556}") = "Diamond_MK_Andrey", "Diamond_MK_Andrey\Diamond_MK_Andrey.csproj", "{FC454B02-E966-4253-BE75-176A8A53EB11}"
EndProject
Project("{FAE04EC0-301F-11D3-BF4B-00C04F79EFBC}") = "BA", "BA\BA.csproj", "{8601A331-B526-4067-964F-8B6BCE346C8E}"
EndProject
Project("{FAE04EC0-301F-11D3-BF4B-00C04F79EFBC}") = "AR", "AR\AR.csproj", "{BD59F618-9E53-44D7-974C-E34036C7D09B}"
EndProject
Project("{FAE04EC0-301F-11D3-BF4B-00C04F79EFBC}") = "Diamond_AR_patent_applications", "Diamond_AR_patent_applications\Diamond_AR_patent_applications.csproj", "{E80006F7-A2BC-49CA-A3BA-A3796F99490C}"
EndProject
Project("{2150E333-8FDC-42A3-9474-1A3956D46DE8}") = "RO", "RO", "{BCDD7DD0-B7B7-4E33-BD80-F4FDB63E843D}"
EndProject
Project("{FAE04EC0-301F-11D3-BF4B-00C04F79EFBC}") = "Dimond_EE", "Dimond_EE\Dimond_EE.csproj", "{270A7CB6-6D18-43F8-A474-0C508F37D840}"
EndProject
Project("{2150E333-8FDC-42A3-9474-1A3956D46DE8}") = "LV", "LV", "{E345485A-1232-402A-9691-7A409A112D46}"
EndProject
Project("{FAE04EC0-301F-11D3-BF4B-00C04F79EFBC}") = "Diamond_LV", "Diamond_LV\Diamond_LV.csproj", "{20CFDE6C-5B92-4F34-8B24-ADDF9D6C2EF7}"
EndProject
Project("{FAE04EC0-301F-11D3-BF4B-00C04F79EFBC}") = "Diamond_IE_Subcode_35", "Diamond_IE_Subcode_35\Diamond_IE_Subcode_35.csproj", "{7366B465-8069-4752-8B35-A901D33B5781}"
EndProject
Project("{FAE04EC0-301F-11D3-BF4B-00C04F79EFBC}") = "Diamond_TR_Maksim", "Diamond_TR_Maksim\Diamond_TR_Maksim.csproj", "{5AA16CCB-00C9-416D-ADFF-BF0F6DB70D2E}"
EndProject
Project("{9A19103F-16F7-4668-BE54-9A1E7A4F7556}") = "Diamond_MK_Maksim", "Diamond_MK_Maksim\Diamond_MK_Maksim.csproj", "{C213B0C2-077C-432A-BEE1-ADD24C53E0EE}"
EndProject
Project("{9A19103F-16F7-4668-BE54-9A1E7A4F7556}") = "Diamond_RS_Maksim", "Diamond_RS_Maksim\Diamond_RS_Maksim.csproj", "{7B1D5BE8-4D2E-4385-86F6-DC6674929DE0}"
EndProject
Project("{2150E333-8FDC-42A3-9474-1A3956D46DE8}") = "HU", "HU", "{D8021D70-9C1E-4371-919D-6B09C9E47E25}"
EndProject
Project("{9A19103F-16F7-4668-BE54-9A1E7A4F7556}") = "Diamond_HU_Maksim", "Diamond_HU_Maksim\Diamond_HU_Maksim.csproj", "{B93C0F1C-D73C-40D1-8E8C-903DFC92CE51}"
EndProject
Project("{2150E333-8FDC-42A3-9474-1A3956D46DE8}") = "UA", "UA", "{ED793C18-C000-47F8-94E7-4EFB3A442EEB}"
EndProject
Project("{9A19103F-16F7-4668-BE54-9A1E7A4F7556}") = "Diamond_UA_Maksim", "Diamond_UA_Maksim\Diamond_UA_Maksim.csproj", "{B0D7DAC7-2952-4BC7-BBC4-3693DA8028A6}"
EndProject
Project("{2150E333-8FDC-42A3-9474-1A3956D46DE8}") = "PL", "PL", "{84566CE6-8FB0-4525-BC1B-B655C7EF8AF5}"
EndProject
Project("{9A19103F-16F7-4668-BE54-9A1E7A4F7556}") = "PL_Diamond_Maksim", "PL_Diamond_Maksim\PL_Diamond_Maksim.csproj", "{78BB52F3-97DF-4387-9D12-0C53EA1A72D4}"
EndProject
Project("{2150E333-8FDC-42A3-9474-1A3956D46DE8}") = "IS", "IS", "{18619EE6-D62A-47B6-9F6A-608AECA05305}"
EndProject
Project("{9A19103F-16F7-4668-BE54-9A1E7A4F7556}") = "IS_Diamond_Maksim", "IS_Diamond_Maksim\IS_Diamond_Maksim.csproj", "{B6710831-F653-46A0-9451-5428879764FE}"
EndProject
Project("{9A19103F-16F7-4668-BE54-9A1E7A4F7556}") = "Diamond_RO_Maksim", "Diamond_RO_Maksim\Diamond_RO_Maksim.csproj", "{8BF85223-FFA1-45A7-BC21-2817775D9588}"
EndProject
Project("{9A19103F-16F7-4668-BE54-9A1E7A4F7556}") = "Diamond_SI_Maksim", "Diamond_SI_Maksim\Diamond_SI_Maksim.csproj", "{0D804F0B-4344-4DF9-B004-023BBE5352A0}"
EndProject
Project("{2150E333-8FDC-42A3-9474-1A3956D46DE8}") = "MD", "MD", "{58A5F63E-8FD1-45D4-B194-3B2EFE846C3F}"
EndProject
Project("{9A19103F-16F7-4668-BE54-9A1E7A4F7556}") = "Diamond_MD_Maksim", "Diamond_MD_Maksim\Diamond_MD_Maksim.csproj", "{A2362D95-9F2B-4C00-8783-531C846938B3}"
EndProject
Project("{2150E333-8FDC-42A3-9474-1A3956D46DE8}") = "BD", "BD", "{412F6107-B603-47CB-B324-722E4C2CC615}"
EndProject
Project("{9A19103F-16F7-4668-BE54-9A1E7A4F7556}") = "BD_Diamond_Maksim", "BD_Diamond_Maksim\BD_Diamond_Maksim.csproj", "{936D62F3-A3DB-4F96-8D14-B15D681198E1}"
EndProject
Project("{9A19103F-16F7-4668-BE54-9A1E7A4F7556}") = "Diamond_AP_Maksim", "Diamond_AP_Maksim\Diamond_AP_Maksim.csproj", "{D936FDB2-2901-4182-93DF-8C1D539D8DDA}"
EndProject
Project("{9A19103F-16F7-4668-BE54-9A1E7A4F7556}") = "Diamond_AL_Maksim", "Diamond_AL_Maksim\Diamond_AL_Maksim.csproj", "{4AB6A522-2DB6-4AD6-A7C1-B8A29AF5ADC9}"
EndProject
Project("{9A19103F-16F7-4668-BE54-9A1E7A4F7556}") = "Diamond_IL_Maksim", "Diamond_IL_Maksim\Diamond_IL_Maksim.csproj", "{CED91FE3-AFD0-4281-84B6-6AA2CE92AC67}"
EndProject
Project("{9A19103F-16F7-4668-BE54-9A1E7A4F7556}") = "DIamond_EA_Maksim", "DIamond_EA_Maksim\DIamond_EA_Maksim.csproj", "{A89DB39B-37EC-4170-8FEF-6F549A5201AB}"
EndProject
Project("{9A19103F-16F7-4668-BE54-9A1E7A4F7556}") = "Diamond_BG_Maksim", "Diamond_BG_Maksim\Diamond_BG_Maksim.csproj", "{1CA5DE9F-63D6-4939-BCAB-884C51E7F082}"
EndProject
Project("{9A19103F-16F7-4668-BE54-9A1E7A4F7556}") = "Diamond_PH_Maksim", "Diamond_PH_Maksim\Diamond_PH_Maksim.csproj", "{08AB9417-B6CA-4D67-906A-56D6B83E5C7B}"
EndProject
Project("{9A19103F-16F7-4668-BE54-9A1E7A4F7556}") = "Diamond_ME_Maksim", "Diamond_ME_Maksim\Diamond_ME_Maksim.csproj", "{B43589A4-DE94-4016-BD3E-C2BD228F2BC5}"
EndProject
Project("{2150E333-8FDC-42A3-9474-1A3956D46DE8}") = "PA", "PA", "{B4456AB0-8C8F-44AC-A8C1-624B0D926B41}"
EndProject
Project("{9A19103F-16F7-4668-BE54-9A1E7A4F7556}") = "Diamond_PA_Maksim", "Diamond_PA_Maksim\Diamond_PA_Maksim.csproj", "{2C22E83A-18D8-44D6-8684-B4035D4EA478}"
EndProject
Project("{9A19103F-16F7-4668-BE54-9A1E7A4F7556}") = "Diamond_ID_Maksim", "Diamond_ID_Maksim\Diamond_ID_Maksim.csproj", "{947CF2A8-EEE0-4E1E-B79E-71829D78C47C}"
EndProject
Project("{9A19103F-16F7-4668-BE54-9A1E7A4F7556}") = "Diamond_IE_Maksim", "Diamond_IE_Maksim\Diamond_IE_Maksim.csproj", "{09AC8091-4F38-4CE8-BFF5-5D26F1863E59}"
EndProject
Project("{9A19103F-16F7-4668-BE54-9A1E7A4F7556}") = "Diamond_VE_Maksim", "Diamond_VE_Maksim\Diamond_VE_Maksim.csproj", "{8735F084-769E-4138-9A1F-745623F702E2}"
EndProject
Project("{2150E333-8FDC-42A3-9474-1A3956D46DE8}") = "EC", "EC", "{1ACB63A6-7A4D-48AE-A129-53F0CA7CC054}"
EndProject
Project("{9A19103F-16F7-4668-BE54-9A1E7A4F7556}") = "Diamond_EC_Maksim", "Diamond_EC_Maksim\Diamond_EC_Maksim.csproj", "{300D165E-BE6D-443A-B501-D05B0518068C}"
EndProject
Project("{2150E333-8FDC-42A3-9474-1A3956D46DE8}") = "DZ", "DZ", "{9220B665-B268-498D-935A-2BD06881580A}"
EndProject
Project("{9A19103F-16F7-4668-BE54-9A1E7A4F7556}") = "Diamond_DZ_Maksim", "Diamond_DZ_Maksim\Diamond_DZ_Maksim.csproj", "{E1C7ABCC-7EF7-4B8F-8F66-0B892833EA72}"
EndProject
Project("{2150E333-8FDC-42A3-9474-1A3956D46DE8}") = "NG", "NG", "{F8801373-3AA3-4815-89E5-3B1D83C90C12}"
EndProject
Project("{9A19103F-16F7-4668-BE54-9A1E7A4F7556}") = "Diamond_NG_Maksim", "Diamond_NG_Maksim\Diamond_NG_Maksim.csproj", "{D57B0CBE-E43F-4EC6-9D7F-1004325D894E}"
EndProject
Project("{9A19103F-16F7-4668-BE54-9A1E7A4F7556}") = "Diamond_AR_Maksim", "Diamond_AR_Maksim\Diamond_AR_Maksim.csproj", "{FF87E858-8DF8-48FD-88BF-9E7BE75983A9}"
EndProject
Project("{9A19103F-16F7-4668-BE54-9A1E7A4F7556}") = "Diamond_ZA_Maksim", "Diamond_ZA_Maksim\Diamond_ZA_Maksim.csproj", "{C6B00EEB-6550-4B98-8BCC-494178F4A8E0}"
EndProject
Project("{9A19103F-16F7-4668-BE54-9A1E7A4F7556}") = "Diamond_IN_Maksim", "Diamond_IN_Maksim\Diamond_IN_Maksim.csproj", "{22A456F2-83C1-4C1E-BFD7-AC18D28BF0FC}"
EndProject
Project("{9A19103F-16F7-4668-BE54-9A1E7A4F7556}") = "Diamond_UY_Maksim", "Diamond_UY_Maksim\Diamond_UY_Maksim.csproj", "{F6D7EE5B-D755-4187-B61D-7C8F6B1219B4}"
EndProject
Project("{9A19103F-16F7-4668-BE54-9A1E7A4F7556}") = "Diamond_VN_Maksim", "Diamond_VN_Maksim\Diamond_VN_Maksim.csproj", "{668E9B74-7692-4333-B4C7-8D0DA92D19A2}"
EndProject
Project("{2150E333-8FDC-42A3-9474-1A3956D46DE8}") = "UZ", "UZ", "{F091BF7C-1D21-40F7-93C2-2A346400DDBF}"
EndProject
Project("{9A19103F-16F7-4668-BE54-9A1E7A4F7556}") = "Diamond_UZ_Maksim", "Diamond_UZ_Maksim\Diamond_UZ_Maksim.csproj", "{5D45FBFB-D703-44D9-9F60-B5C12B5375E6}"
EndProject
Project("{9A19103F-16F7-4668-BE54-9A1E7A4F7556}") = "Diamond_TR_Maksim_Excel", "Diamond_TR_Maksim_Excel\Diamond_TR_Maksim_Excel.csproj", "{20E6137D-925E-4E51-8388-78876347C953}"
EndProject
Project("{2150E333-8FDC-42A3-9474-1A3956D46DE8}") = "PK", "PK", "{058FB5A2-7F6C-4DE9-8029-A60870C0C75C}"
EndProject
Project("{9A19103F-16F7-4668-BE54-9A1E7A4F7556}") = "Diamond_PK_Maksim", "Diamond_PK_Maksim\Diamond_PK_Maksim.csproj", "{05C3E152-C272-445B-87D2-8E8B9C6383F4}"
EndProject
Project("{9A19103F-16F7-4668-BE54-9A1E7A4F7556}") = "Diamond_MY_Maksim", "Diamond_MY_Maksim\Diamond_MY_Maksim.csproj", "{5EF5D3DF-D143-4066-A4B6-F7DA5A4ECB3D}"
EndProject
Project("{9A19103F-16F7-4668-BE54-9A1E7A4F7556}") = "Diamond_MA_Maksim", "DIamond_MA_Maksim\Diamond_MA_Maksim.csproj", "{08E9AA4B-2667-4F61-9CA5-6B4D0C4CA6E2}"
EndProject
Project("{2150E333-8FDC-42A3-9474-1A3956D46DE8}") = "JE", "JE", "{11C60111-1B5B-48BE-B217-4A5DAE418D00}"
EndProject
Project("{9A19103F-16F7-4668-BE54-9A1E7A4F7556}") = "Diamond_JE_Maksim", "JE_Diamond_Maksim\Diamond_JE_Maksim.csproj", "{B8C5B91A-D8A1-437B-BE29-F250CCE80AA3}"
EndProject
Project("{2150E333-8FDC-42A3-9474-1A3956D46DE8}") = "PY", "PY", "{7EC8555B-4EE0-4B0E-AA64-254445F741AF}"
EndProject
Project("{9A19103F-16F7-4668-BE54-9A1E7A4F7556}") = "PY_Diamond_Maksim", "PY_Diamond_Maksim\PY_Diamond_Maksim.csproj", "{71756E6E-66BD-46CF-8E39-92AA2A14452C}"
EndProject
Project("{2150E333-8FDC-42A3-9474-1A3956D46DE8}") = "CO", "CO", "{9FC5F1F1-4A5A-4496-97AC-6A1857159D8E}"
EndProject
Project("{9A19103F-16F7-4668-BE54-9A1E7A4F7556}") = "Diamond_CO_Maksim", "Diamond_CO_Maksim\Diamond_CO_Maksim.csproj", "{C9D12141-17D9-423F-8B8F-1D376F898DF8}"
EndProject
Project("{9A19103F-16F7-4668-BE54-9A1E7A4F7556}") = "Diamond_SG_Maksim", "Diamond_SG_Maksim\Diamond_SG_Maksim.csproj", "{357D91E0-8627-4090-947A-AB02BE8CBD60}"
EndProject
Project("{9A19103F-16F7-4668-BE54-9A1E7A4F7556}") = "Diamond_PH_Maksim_Excel", "Diamond_PH_Maksim_Excel\Diamond_PH_Maksim_Excel.csproj", "{87899B53-9381-4AC0-892D-62DDA19EBB52}"
EndProject
Project("{9A19103F-16F7-4668-BE54-9A1E7A4F7556}") = "Diamond_BA_Maksim", "Diamond_BA_Maksim\Diamond_BA_Maksim.csproj", "{80C2992A-77C8-4938-8AC3-89EBE17137CA}"
EndProject
Project("{2150E333-8FDC-42A3-9474-1A3956D46DE8}") = "AW", "AW", "{136D61B1-48FD-4836-AA69-546930851D8F}"
EndProject
Project("{9A19103F-16F7-4668-BE54-9A1E7A4F7556}") = "Diamond_AW_Maksim", "Diamond_AW_Maksim\Diamond_AW_Maksim.csproj", "{F8ED3432-A77A-4ACA-8E41-D4F7CD32700D}"
EndProject
Global
	GlobalSection(SolutionConfigurationPlatforms) = preSolution
		Debug|Any CPU = Debug|Any CPU
		Release|Any CPU = Release|Any CPU
	EndGlobalSection
	GlobalSection(ProjectConfigurationPlatforms) = postSolution
		{417B0202-784B-424E-9429-7F50EAD2D0E1}.Debug|Any CPU.ActiveCfg = Debug|Any CPU
		{417B0202-784B-424E-9429-7F50EAD2D0E1}.Debug|Any CPU.Build.0 = Debug|Any CPU
		{417B0202-784B-424E-9429-7F50EAD2D0E1}.Release|Any CPU.ActiveCfg = Release|Any CPU
		{417B0202-784B-424E-9429-7F50EAD2D0E1}.Release|Any CPU.Build.0 = Release|Any CPU
		{316759E5-C753-4A26-ACFB-D078BD432177}.Debug|Any CPU.ActiveCfg = Debug|Any CPU
		{316759E5-C753-4A26-ACFB-D078BD432177}.Debug|Any CPU.Build.0 = Debug|Any CPU
		{316759E5-C753-4A26-ACFB-D078BD432177}.Release|Any CPU.ActiveCfg = Release|Any CPU
		{316759E5-C753-4A26-ACFB-D078BD432177}.Release|Any CPU.Build.0 = Release|Any CPU
		{B097F9C0-36F9-434E-86E4-C3C18411182D}.Debug|Any CPU.ActiveCfg = Debug|Any CPU
		{B097F9C0-36F9-434E-86E4-C3C18411182D}.Debug|Any CPU.Build.0 = Debug|Any CPU
		{B097F9C0-36F9-434E-86E4-C3C18411182D}.Release|Any CPU.ActiveCfg = Release|Any CPU
		{B097F9C0-36F9-434E-86E4-C3C18411182D}.Release|Any CPU.Build.0 = Release|Any CPU
		{087AAC9F-29DF-453A-A26D-D50FFA0D8E13}.Debug|Any CPU.ActiveCfg = Debug|Any CPU
		{087AAC9F-29DF-453A-A26D-D50FFA0D8E13}.Debug|Any CPU.Build.0 = Debug|Any CPU
		{087AAC9F-29DF-453A-A26D-D50FFA0D8E13}.Release|Any CPU.ActiveCfg = Release|Any CPU
		{087AAC9F-29DF-453A-A26D-D50FFA0D8E13}.Release|Any CPU.Build.0 = Release|Any CPU
		{5F02A036-2672-47F0-A25A-D6AC266F1211}.Debug|Any CPU.ActiveCfg = Debug|Any CPU
		{5F02A036-2672-47F0-A25A-D6AC266F1211}.Debug|Any CPU.Build.0 = Debug|Any CPU
		{5F02A036-2672-47F0-A25A-D6AC266F1211}.Release|Any CPU.ActiveCfg = Release|Any CPU
		{5F02A036-2672-47F0-A25A-D6AC266F1211}.Release|Any CPU.Build.0 = Release|Any CPU
		{0F6A684C-AC5E-4750-8138-5A5AFB9FC310}.Debug|Any CPU.ActiveCfg = Debug|Any CPU
		{0F6A684C-AC5E-4750-8138-5A5AFB9FC310}.Debug|Any CPU.Build.0 = Debug|Any CPU
		{0F6A684C-AC5E-4750-8138-5A5AFB9FC310}.Release|Any CPU.ActiveCfg = Release|Any CPU
		{0F6A684C-AC5E-4750-8138-5A5AFB9FC310}.Release|Any CPU.Build.0 = Release|Any CPU
		{EC2F9155-6CAF-4BB7-A2E6-97DDF97E152B}.Debug|Any CPU.ActiveCfg = Debug|Any CPU
		{EC2F9155-6CAF-4BB7-A2E6-97DDF97E152B}.Debug|Any CPU.Build.0 = Debug|Any CPU
		{EC2F9155-6CAF-4BB7-A2E6-97DDF97E152B}.Release|Any CPU.ActiveCfg = Release|Any CPU
		{EC2F9155-6CAF-4BB7-A2E6-97DDF97E152B}.Release|Any CPU.Build.0 = Release|Any CPU
		{A141EC05-DD81-4F71-8AD5-B478A09C51BF}.Debug|Any CPU.ActiveCfg = Debug|Any CPU
		{A141EC05-DD81-4F71-8AD5-B478A09C51BF}.Debug|Any CPU.Build.0 = Debug|Any CPU
		{A141EC05-DD81-4F71-8AD5-B478A09C51BF}.Release|Any CPU.ActiveCfg = Release|Any CPU
		{A141EC05-DD81-4F71-8AD5-B478A09C51BF}.Release|Any CPU.Build.0 = Release|Any CPU
		{9011A46A-08F4-4508-BA3E-803AEBC9F4AF}.Debug|Any CPU.ActiveCfg = Debug|Any CPU
		{9011A46A-08F4-4508-BA3E-803AEBC9F4AF}.Debug|Any CPU.Build.0 = Debug|Any CPU
		{9011A46A-08F4-4508-BA3E-803AEBC9F4AF}.Release|Any CPU.ActiveCfg = Release|Any CPU
		{9011A46A-08F4-4508-BA3E-803AEBC9F4AF}.Release|Any CPU.Build.0 = Release|Any CPU
		{E0E9741E-C689-48E9-8C19-68AE925F1C3D}.Debug|Any CPU.ActiveCfg = Debug|Any CPU
		{E0E9741E-C689-48E9-8C19-68AE925F1C3D}.Debug|Any CPU.Build.0 = Debug|Any CPU
		{E0E9741E-C689-48E9-8C19-68AE925F1C3D}.Release|Any CPU.ActiveCfg = Release|Any CPU
		{E0E9741E-C689-48E9-8C19-68AE925F1C3D}.Release|Any CPU.Build.0 = Release|Any CPU
		{0DEE5166-D867-43D6-9199-A92D818FDB84}.Debug|Any CPU.ActiveCfg = Debug|Any CPU
		{0DEE5166-D867-43D6-9199-A92D818FDB84}.Debug|Any CPU.Build.0 = Debug|Any CPU
		{0DEE5166-D867-43D6-9199-A92D818FDB84}.Release|Any CPU.ActiveCfg = Release|Any CPU
		{0DEE5166-D867-43D6-9199-A92D818FDB84}.Release|Any CPU.Build.0 = Release|Any CPU
		{4C1F392B-4AC8-4DEB-A707-51BD32A30A29}.Debug|Any CPU.ActiveCfg = Debug|Any CPU
		{4C1F392B-4AC8-4DEB-A707-51BD32A30A29}.Debug|Any CPU.Build.0 = Debug|Any CPU
		{4C1F392B-4AC8-4DEB-A707-51BD32A30A29}.Release|Any CPU.ActiveCfg = Release|Any CPU
		{4C1F392B-4AC8-4DEB-A707-51BD32A30A29}.Release|Any CPU.Build.0 = Release|Any CPU
		{5E2C7958-89A3-45F5-BE1C-C703218A1399}.Debug|Any CPU.ActiveCfg = Debug|Any CPU
		{5E2C7958-89A3-45F5-BE1C-C703218A1399}.Debug|Any CPU.Build.0 = Debug|Any CPU
		{5E2C7958-89A3-45F5-BE1C-C703218A1399}.Release|Any CPU.ActiveCfg = Release|Any CPU
		{5E2C7958-89A3-45F5-BE1C-C703218A1399}.Release|Any CPU.Build.0 = Release|Any CPU
		{A1C74200-C2EA-4CEE-B251-CD5F0E0896D0}.Debug|Any CPU.ActiveCfg = Debug|Any CPU
		{A1C74200-C2EA-4CEE-B251-CD5F0E0896D0}.Debug|Any CPU.Build.0 = Debug|Any CPU
		{A1C74200-C2EA-4CEE-B251-CD5F0E0896D0}.Release|Any CPU.ActiveCfg = Release|Any CPU
		{A1C74200-C2EA-4CEE-B251-CD5F0E0896D0}.Release|Any CPU.Build.0 = Release|Any CPU
		{205FA679-B68B-4F14-A4C7-8F6FA96633DB}.Debug|Any CPU.ActiveCfg = Debug|Any CPU
		{205FA679-B68B-4F14-A4C7-8F6FA96633DB}.Debug|Any CPU.Build.0 = Debug|Any CPU
		{205FA679-B68B-4F14-A4C7-8F6FA96633DB}.Release|Any CPU.ActiveCfg = Release|Any CPU
		{205FA679-B68B-4F14-A4C7-8F6FA96633DB}.Release|Any CPU.Build.0 = Release|Any CPU
		{5D485A25-52BD-4509-AC56-1FC6F9F31E21}.Debug|Any CPU.ActiveCfg = Debug|Any CPU
		{5D485A25-52BD-4509-AC56-1FC6F9F31E21}.Debug|Any CPU.Build.0 = Debug|Any CPU
		{5D485A25-52BD-4509-AC56-1FC6F9F31E21}.Release|Any CPU.ActiveCfg = Release|Any CPU
		{5D485A25-52BD-4509-AC56-1FC6F9F31E21}.Release|Any CPU.Build.0 = Release|Any CPU
		{B541055F-CF0E-41A9-B51C-D3074A4A4A2B}.Debug|Any CPU.ActiveCfg = Debug|Any CPU
		{B541055F-CF0E-41A9-B51C-D3074A4A4A2B}.Debug|Any CPU.Build.0 = Debug|Any CPU
		{B541055F-CF0E-41A9-B51C-D3074A4A4A2B}.Release|Any CPU.ActiveCfg = Release|Any CPU
		{B541055F-CF0E-41A9-B51C-D3074A4A4A2B}.Release|Any CPU.Build.0 = Release|Any CPU
		{C41E7A52-088D-40AD-9731-926024EAEC91}.Debug|Any CPU.ActiveCfg = Debug|Any CPU
		{C41E7A52-088D-40AD-9731-926024EAEC91}.Debug|Any CPU.Build.0 = Debug|Any CPU
		{C41E7A52-088D-40AD-9731-926024EAEC91}.Release|Any CPU.ActiveCfg = Release|Any CPU
		{C41E7A52-088D-40AD-9731-926024EAEC91}.Release|Any CPU.Build.0 = Release|Any CPU
		{C96104E6-FD60-4504-8321-BD2A371A08F6}.Debug|Any CPU.ActiveCfg = Debug|Any CPU
		{C96104E6-FD60-4504-8321-BD2A371A08F6}.Debug|Any CPU.Build.0 = Debug|Any CPU
		{C96104E6-FD60-4504-8321-BD2A371A08F6}.Release|Any CPU.ActiveCfg = Release|Any CPU
		{C96104E6-FD60-4504-8321-BD2A371A08F6}.Release|Any CPU.Build.0 = Release|Any CPU
		{9F3A29CA-A393-4A52-9436-8C8E9A0734E1}.Debug|Any CPU.ActiveCfg = Debug|Any CPU
		{9F3A29CA-A393-4A52-9436-8C8E9A0734E1}.Debug|Any CPU.Build.0 = Debug|Any CPU
		{9F3A29CA-A393-4A52-9436-8C8E9A0734E1}.Release|Any CPU.ActiveCfg = Release|Any CPU
		{9F3A29CA-A393-4A52-9436-8C8E9A0734E1}.Release|Any CPU.Build.0 = Release|Any CPU
		{F5E9F61B-92FF-457E-9459-6E328F7EA77C}.Debug|Any CPU.ActiveCfg = Debug|Any CPU
		{F5E9F61B-92FF-457E-9459-6E328F7EA77C}.Debug|Any CPU.Build.0 = Debug|Any CPU
		{F5E9F61B-92FF-457E-9459-6E328F7EA77C}.Release|Any CPU.ActiveCfg = Release|Any CPU
		{F5E9F61B-92FF-457E-9459-6E328F7EA77C}.Release|Any CPU.Build.0 = Release|Any CPU
		{09EBAA37-CF72-47C2-87F2-E4561C3E8F4F}.Debug|Any CPU.ActiveCfg = Debug|Any CPU
		{09EBAA37-CF72-47C2-87F2-E4561C3E8F4F}.Debug|Any CPU.Build.0 = Debug|Any CPU
		{09EBAA37-CF72-47C2-87F2-E4561C3E8F4F}.Release|Any CPU.ActiveCfg = Release|Any CPU
		{09EBAA37-CF72-47C2-87F2-E4561C3E8F4F}.Release|Any CPU.Build.0 = Release|Any CPU
		{83613E1E-4E1C-4CE8-8E71-E5258BE02240}.Debug|Any CPU.ActiveCfg = Debug|Any CPU
		{83613E1E-4E1C-4CE8-8E71-E5258BE02240}.Debug|Any CPU.Build.0 = Debug|Any CPU
		{83613E1E-4E1C-4CE8-8E71-E5258BE02240}.Release|Any CPU.ActiveCfg = Release|Any CPU
		{83613E1E-4E1C-4CE8-8E71-E5258BE02240}.Release|Any CPU.Build.0 = Release|Any CPU
		{7A9FF932-A1E4-4B34-93D5-1189C59BC1E7}.Debug|Any CPU.ActiveCfg = Debug|Any CPU
		{7A9FF932-A1E4-4B34-93D5-1189C59BC1E7}.Debug|Any CPU.Build.0 = Debug|Any CPU
		{7A9FF932-A1E4-4B34-93D5-1189C59BC1E7}.Release|Any CPU.ActiveCfg = Release|Any CPU
		{7A9FF932-A1E4-4B34-93D5-1189C59BC1E7}.Release|Any CPU.Build.0 = Release|Any CPU
		{45E91832-B2B0-43A3-89B1-374EA3800981}.Debug|Any CPU.ActiveCfg = Debug|Any CPU
		{45E91832-B2B0-43A3-89B1-374EA3800981}.Debug|Any CPU.Build.0 = Debug|Any CPU
		{45E91832-B2B0-43A3-89B1-374EA3800981}.Release|Any CPU.ActiveCfg = Release|Any CPU
		{45E91832-B2B0-43A3-89B1-374EA3800981}.Release|Any CPU.Build.0 = Release|Any CPU
		{FEFEFA08-4E1E-4C2B-AD60-295811D497FA}.Debug|Any CPU.ActiveCfg = Debug|Any CPU
		{FEFEFA08-4E1E-4C2B-AD60-295811D497FA}.Debug|Any CPU.Build.0 = Debug|Any CPU
		{FEFEFA08-4E1E-4C2B-AD60-295811D497FA}.Release|Any CPU.ActiveCfg = Release|Any CPU
		{FEFEFA08-4E1E-4C2B-AD60-295811D497FA}.Release|Any CPU.Build.0 = Release|Any CPU
		{5B496734-BFBE-43B1-BB96-EA3B592EBC76}.Debug|Any CPU.ActiveCfg = Debug|Any CPU
		{5B496734-BFBE-43B1-BB96-EA3B592EBC76}.Debug|Any CPU.Build.0 = Debug|Any CPU
		{5B496734-BFBE-43B1-BB96-EA3B592EBC76}.Release|Any CPU.ActiveCfg = Release|Any CPU
		{5B496734-BFBE-43B1-BB96-EA3B592EBC76}.Release|Any CPU.Build.0 = Release|Any CPU
		{C8EF3FC8-4FF1-4CF9-9D68-E062EDFF0AE0}.Debug|Any CPU.ActiveCfg = Debug|Any CPU
		{C8EF3FC8-4FF1-4CF9-9D68-E062EDFF0AE0}.Debug|Any CPU.Build.0 = Debug|Any CPU
		{C8EF3FC8-4FF1-4CF9-9D68-E062EDFF0AE0}.Release|Any CPU.ActiveCfg = Release|Any CPU
		{C8EF3FC8-4FF1-4CF9-9D68-E062EDFF0AE0}.Release|Any CPU.Build.0 = Release|Any CPU
		{FA878902-C9E1-4FFF-BACA-09E1136CF538}.Debug|Any CPU.ActiveCfg = Debug|Any CPU
		{FA878902-C9E1-4FFF-BACA-09E1136CF538}.Debug|Any CPU.Build.0 = Debug|Any CPU
		{FA878902-C9E1-4FFF-BACA-09E1136CF538}.Release|Any CPU.ActiveCfg = Release|Any CPU
		{FA878902-C9E1-4FFF-BACA-09E1136CF538}.Release|Any CPU.Build.0 = Release|Any CPU
		{F6DB7B18-AFCC-4D50-AD30-826A89255E21}.Debug|Any CPU.ActiveCfg = Debug|Any CPU
		{F6DB7B18-AFCC-4D50-AD30-826A89255E21}.Debug|Any CPU.Build.0 = Debug|Any CPU
		{F6DB7B18-AFCC-4D50-AD30-826A89255E21}.Release|Any CPU.ActiveCfg = Release|Any CPU
		{F6DB7B18-AFCC-4D50-AD30-826A89255E21}.Release|Any CPU.Build.0 = Release|Any CPU
		{3FBB1AA4-D956-49A7-A49C-E84A6BFABD26}.Debug|Any CPU.ActiveCfg = Debug|Any CPU
		{3FBB1AA4-D956-49A7-A49C-E84A6BFABD26}.Debug|Any CPU.Build.0 = Debug|Any CPU
		{3FBB1AA4-D956-49A7-A49C-E84A6BFABD26}.Release|Any CPU.ActiveCfg = Release|Any CPU
		{3FBB1AA4-D956-49A7-A49C-E84A6BFABD26}.Release|Any CPU.Build.0 = Release|Any CPU
		{253D954D-540D-4F2E-9993-4547D62AB766}.Debug|Any CPU.ActiveCfg = Debug|Any CPU
		{253D954D-540D-4F2E-9993-4547D62AB766}.Debug|Any CPU.Build.0 = Debug|Any CPU
		{253D954D-540D-4F2E-9993-4547D62AB766}.Release|Any CPU.ActiveCfg = Release|Any CPU
		{253D954D-540D-4F2E-9993-4547D62AB766}.Release|Any CPU.Build.0 = Release|Any CPU
		{D72E56EA-3275-4E8E-B2E4-D04663BE2AE8}.Debug|Any CPU.ActiveCfg = Debug|Any CPU
		{D72E56EA-3275-4E8E-B2E4-D04663BE2AE8}.Debug|Any CPU.Build.0 = Debug|Any CPU
		{D72E56EA-3275-4E8E-B2E4-D04663BE2AE8}.Release|Any CPU.ActiveCfg = Release|Any CPU
		{D72E56EA-3275-4E8E-B2E4-D04663BE2AE8}.Release|Any CPU.Build.0 = Release|Any CPU
		{6D69D502-660C-4851-BD24-E2996B7996C8}.Debug|Any CPU.ActiveCfg = Debug|Any CPU
		{6D69D502-660C-4851-BD24-E2996B7996C8}.Debug|Any CPU.Build.0 = Debug|Any CPU
		{6D69D502-660C-4851-BD24-E2996B7996C8}.Release|Any CPU.ActiveCfg = Release|Any CPU
		{6D69D502-660C-4851-BD24-E2996B7996C8}.Release|Any CPU.Build.0 = Release|Any CPU
		{CEF24CA8-1462-445B-9B58-C2D2AFCCD47B}.Debug|Any CPU.ActiveCfg = Debug|Any CPU
		{CEF24CA8-1462-445B-9B58-C2D2AFCCD47B}.Debug|Any CPU.Build.0 = Debug|Any CPU
		{CEF24CA8-1462-445B-9B58-C2D2AFCCD47B}.Release|Any CPU.ActiveCfg = Release|Any CPU
		{CEF24CA8-1462-445B-9B58-C2D2AFCCD47B}.Release|Any CPU.Build.0 = Release|Any CPU
		{7C3401C5-7357-451C-9567-192E2E6EDBBC}.Debug|Any CPU.ActiveCfg = Debug|Any CPU
		{7C3401C5-7357-451C-9567-192E2E6EDBBC}.Debug|Any CPU.Build.0 = Debug|Any CPU
		{7C3401C5-7357-451C-9567-192E2E6EDBBC}.Release|Any CPU.ActiveCfg = Release|Any CPU
		{7C3401C5-7357-451C-9567-192E2E6EDBBC}.Release|Any CPU.Build.0 = Release|Any CPU
		{9C574CF5-8C7A-49AD-AB25-F7D16E1BCC2D}.Debug|Any CPU.ActiveCfg = Debug|Any CPU
		{9C574CF5-8C7A-49AD-AB25-F7D16E1BCC2D}.Debug|Any CPU.Build.0 = Debug|Any CPU
		{9C574CF5-8C7A-49AD-AB25-F7D16E1BCC2D}.Release|Any CPU.ActiveCfg = Release|Any CPU
		{9C574CF5-8C7A-49AD-AB25-F7D16E1BCC2D}.Release|Any CPU.Build.0 = Release|Any CPU
		{9715B402-C2D1-4CCD-8A38-35FD4C4E75DC}.Debug|Any CPU.ActiveCfg = Debug|Any CPU
		{9715B402-C2D1-4CCD-8A38-35FD4C4E75DC}.Debug|Any CPU.Build.0 = Debug|Any CPU
		{9715B402-C2D1-4CCD-8A38-35FD4C4E75DC}.Release|Any CPU.ActiveCfg = Release|Any CPU
		{9715B402-C2D1-4CCD-8A38-35FD4C4E75DC}.Release|Any CPU.Build.0 = Release|Any CPU
		{8C7D666E-21B0-4031-B047-4945E244E135}.Debug|Any CPU.ActiveCfg = Debug|Any CPU
		{8C7D666E-21B0-4031-B047-4945E244E135}.Debug|Any CPU.Build.0 = Debug|Any CPU
		{8C7D666E-21B0-4031-B047-4945E244E135}.Release|Any CPU.ActiveCfg = Release|Any CPU
		{8C7D666E-21B0-4031-B047-4945E244E135}.Release|Any CPU.Build.0 = Release|Any CPU
		{C0134AED-E084-4CB0-A65E-7776D01FE836}.Debug|Any CPU.ActiveCfg = Debug|Any CPU
		{C0134AED-E084-4CB0-A65E-7776D01FE836}.Debug|Any CPU.Build.0 = Debug|Any CPU
		{C0134AED-E084-4CB0-A65E-7776D01FE836}.Release|Any CPU.ActiveCfg = Release|Any CPU
		{C0134AED-E084-4CB0-A65E-7776D01FE836}.Release|Any CPU.Build.0 = Release|Any CPU
		{8D3AA862-4B03-4821-9776-4E50BFDB7D2F}.Debug|Any CPU.ActiveCfg = Debug|Any CPU
		{8D3AA862-4B03-4821-9776-4E50BFDB7D2F}.Debug|Any CPU.Build.0 = Debug|Any CPU
		{8D3AA862-4B03-4821-9776-4E50BFDB7D2F}.Release|Any CPU.ActiveCfg = Release|Any CPU
		{8D3AA862-4B03-4821-9776-4E50BFDB7D2F}.Release|Any CPU.Build.0 = Release|Any CPU
		{7164E4C4-5624-429B-9C1F-D01635B53553}.Debug|Any CPU.ActiveCfg = Debug|Any CPU
		{7164E4C4-5624-429B-9C1F-D01635B53553}.Debug|Any CPU.Build.0 = Debug|Any CPU
		{7164E4C4-5624-429B-9C1F-D01635B53553}.Release|Any CPU.ActiveCfg = Release|Any CPU
		{7164E4C4-5624-429B-9C1F-D01635B53553}.Release|Any CPU.Build.0 = Release|Any CPU
		{CEED45BC-928C-4CFE-8259-D3A004475F4E}.Debug|Any CPU.ActiveCfg = Debug|Any CPU
		{CEED45BC-928C-4CFE-8259-D3A004475F4E}.Debug|Any CPU.Build.0 = Debug|Any CPU
		{CEED45BC-928C-4CFE-8259-D3A004475F4E}.Release|Any CPU.ActiveCfg = Release|Any CPU
		{CEED45BC-928C-4CFE-8259-D3A004475F4E}.Release|Any CPU.Build.0 = Release|Any CPU
		{78CFA7E6-DC81-4F4F-BB3E-F763C91E564E}.Debug|Any CPU.ActiveCfg = Debug|Any CPU
		{78CFA7E6-DC81-4F4F-BB3E-F763C91E564E}.Debug|Any CPU.Build.0 = Debug|Any CPU
		{78CFA7E6-DC81-4F4F-BB3E-F763C91E564E}.Release|Any CPU.ActiveCfg = Release|Any CPU
		{78CFA7E6-DC81-4F4F-BB3E-F763C91E564E}.Release|Any CPU.Build.0 = Release|Any CPU
		{F6895A68-CA62-4A2A-A934-29A5557C1EE3}.Debug|Any CPU.ActiveCfg = Debug|Any CPU
		{F6895A68-CA62-4A2A-A934-29A5557C1EE3}.Debug|Any CPU.Build.0 = Debug|Any CPU
		{F6895A68-CA62-4A2A-A934-29A5557C1EE3}.Release|Any CPU.ActiveCfg = Release|Any CPU
		{F6895A68-CA62-4A2A-A934-29A5557C1EE3}.Release|Any CPU.Build.0 = Release|Any CPU
		{D823BCD1-74E6-4FED-9DDC-AD982F194F7D}.Debug|Any CPU.ActiveCfg = Debug|Any CPU
		{D823BCD1-74E6-4FED-9DDC-AD982F194F7D}.Debug|Any CPU.Build.0 = Debug|Any CPU
		{D823BCD1-74E6-4FED-9DDC-AD982F194F7D}.Release|Any CPU.ActiveCfg = Release|Any CPU
		{D823BCD1-74E6-4FED-9DDC-AD982F194F7D}.Release|Any CPU.Build.0 = Release|Any CPU
		{5A56C11C-527B-4F8E-A3B3-CE09FADC47B0}.Debug|Any CPU.ActiveCfg = Debug|Any CPU
		{5A56C11C-527B-4F8E-A3B3-CE09FADC47B0}.Debug|Any CPU.Build.0 = Debug|Any CPU
		{5A56C11C-527B-4F8E-A3B3-CE09FADC47B0}.Release|Any CPU.ActiveCfg = Release|Any CPU
		{5A56C11C-527B-4F8E-A3B3-CE09FADC47B0}.Release|Any CPU.Build.0 = Release|Any CPU
		{10762C04-C781-4338-868D-C62EC4E8AEF0}.Debug|Any CPU.ActiveCfg = Debug|Any CPU
		{10762C04-C781-4338-868D-C62EC4E8AEF0}.Debug|Any CPU.Build.0 = Debug|Any CPU
		{10762C04-C781-4338-868D-C62EC4E8AEF0}.Release|Any CPU.ActiveCfg = Release|Any CPU
		{10762C04-C781-4338-868D-C62EC4E8AEF0}.Release|Any CPU.Build.0 = Release|Any CPU
		{7A841213-4D27-4AB2-B8EB-FAB68F67526D}.Debug|Any CPU.ActiveCfg = Debug|Any CPU
		{7A841213-4D27-4AB2-B8EB-FAB68F67526D}.Debug|Any CPU.Build.0 = Debug|Any CPU
		{7A841213-4D27-4AB2-B8EB-FAB68F67526D}.Release|Any CPU.ActiveCfg = Release|Any CPU
		{7A841213-4D27-4AB2-B8EB-FAB68F67526D}.Release|Any CPU.Build.0 = Release|Any CPU
		{FBC84BAB-0E85-4937-B216-69EEB949EE57}.Debug|Any CPU.ActiveCfg = Debug|Any CPU
		{FBC84BAB-0E85-4937-B216-69EEB949EE57}.Debug|Any CPU.Build.0 = Debug|Any CPU
		{FBC84BAB-0E85-4937-B216-69EEB949EE57}.Release|Any CPU.ActiveCfg = Release|Any CPU
		{FBC84BAB-0E85-4937-B216-69EEB949EE57}.Release|Any CPU.Build.0 = Release|Any CPU
		{207B72F8-ED3E-488B-8F09-B64556473742}.Debug|Any CPU.ActiveCfg = Debug|Any CPU
		{207B72F8-ED3E-488B-8F09-B64556473742}.Debug|Any CPU.Build.0 = Debug|Any CPU
		{207B72F8-ED3E-488B-8F09-B64556473742}.Release|Any CPU.ActiveCfg = Release|Any CPU
		{207B72F8-ED3E-488B-8F09-B64556473742}.Release|Any CPU.Build.0 = Release|Any CPU
		{1C8E6EE9-79D7-46DF-A8F7-3B07FD90FD7E}.Debug|Any CPU.ActiveCfg = Debug|Any CPU
		{1C8E6EE9-79D7-46DF-A8F7-3B07FD90FD7E}.Debug|Any CPU.Build.0 = Debug|Any CPU
		{1C8E6EE9-79D7-46DF-A8F7-3B07FD90FD7E}.Release|Any CPU.ActiveCfg = Release|Any CPU
		{1C8E6EE9-79D7-46DF-A8F7-3B07FD90FD7E}.Release|Any CPU.Build.0 = Release|Any CPU
		{E71A21C6-C52A-4272-92F2-0C78211A73BB}.Debug|Any CPU.ActiveCfg = Debug|Any CPU
		{E71A21C6-C52A-4272-92F2-0C78211A73BB}.Debug|Any CPU.Build.0 = Debug|Any CPU
		{E71A21C6-C52A-4272-92F2-0C78211A73BB}.Release|Any CPU.ActiveCfg = Release|Any CPU
		{E71A21C6-C52A-4272-92F2-0C78211A73BB}.Release|Any CPU.Build.0 = Release|Any CPU
		{DB3D7949-4E23-4418-9BC2-071F6453F2BC}.Debug|Any CPU.ActiveCfg = Debug|Any CPU
		{DB3D7949-4E23-4418-9BC2-071F6453F2BC}.Debug|Any CPU.Build.0 = Debug|Any CPU
		{DB3D7949-4E23-4418-9BC2-071F6453F2BC}.Release|Any CPU.ActiveCfg = Release|Any CPU
		{DB3D7949-4E23-4418-9BC2-071F6453F2BC}.Release|Any CPU.Build.0 = Release|Any CPU
		{3539AC76-2B5F-47DE-B6AD-B735D58232C9}.Debug|Any CPU.ActiveCfg = Debug|Any CPU
		{3539AC76-2B5F-47DE-B6AD-B735D58232C9}.Debug|Any CPU.Build.0 = Debug|Any CPU
		{3539AC76-2B5F-47DE-B6AD-B735D58232C9}.Release|Any CPU.ActiveCfg = Release|Any CPU
		{3539AC76-2B5F-47DE-B6AD-B735D58232C9}.Release|Any CPU.Build.0 = Release|Any CPU
		{843823A3-576C-46D4-A5FB-5CB3F3BF2C73}.Debug|Any CPU.ActiveCfg = Debug|Any CPU
		{843823A3-576C-46D4-A5FB-5CB3F3BF2C73}.Debug|Any CPU.Build.0 = Debug|Any CPU
		{843823A3-576C-46D4-A5FB-5CB3F3BF2C73}.Release|Any CPU.ActiveCfg = Release|Any CPU
		{843823A3-576C-46D4-A5FB-5CB3F3BF2C73}.Release|Any CPU.Build.0 = Release|Any CPU
		{617FB7EE-FF20-493C-80E0-419B653E48EF}.Debug|Any CPU.ActiveCfg = Debug|Any CPU
		{617FB7EE-FF20-493C-80E0-419B653E48EF}.Debug|Any CPU.Build.0 = Debug|Any CPU
		{617FB7EE-FF20-493C-80E0-419B653E48EF}.Release|Any CPU.ActiveCfg = Release|Any CPU
		{617FB7EE-FF20-493C-80E0-419B653E48EF}.Release|Any CPU.Build.0 = Release|Any CPU
		{DFA23643-C71A-4021-BC2F-5D5CEEAF028D}.Debug|Any CPU.ActiveCfg = Debug|Any CPU
		{DFA23643-C71A-4021-BC2F-5D5CEEAF028D}.Debug|Any CPU.Build.0 = Debug|Any CPU
		{DFA23643-C71A-4021-BC2F-5D5CEEAF028D}.Release|Any CPU.ActiveCfg = Release|Any CPU
		{DFA23643-C71A-4021-BC2F-5D5CEEAF028D}.Release|Any CPU.Build.0 = Release|Any CPU
		{0116A66F-AB1F-4E31-9772-09D3FD4FC417}.Debug|Any CPU.ActiveCfg = Debug|Any CPU
		{0116A66F-AB1F-4E31-9772-09D3FD4FC417}.Debug|Any CPU.Build.0 = Debug|Any CPU
		{0116A66F-AB1F-4E31-9772-09D3FD4FC417}.Release|Any CPU.ActiveCfg = Release|Any CPU
		{0116A66F-AB1F-4E31-9772-09D3FD4FC417}.Release|Any CPU.Build.0 = Release|Any CPU
		{4B83B601-A8EE-4A3B-A02A-8229657EAC41}.Debug|Any CPU.ActiveCfg = Debug|Any CPU
		{4B83B601-A8EE-4A3B-A02A-8229657EAC41}.Debug|Any CPU.Build.0 = Debug|Any CPU
		{4B83B601-A8EE-4A3B-A02A-8229657EAC41}.Release|Any CPU.ActiveCfg = Release|Any CPU
		{4B83B601-A8EE-4A3B-A02A-8229657EAC41}.Release|Any CPU.Build.0 = Release|Any CPU
		{7579FEC5-6E9B-4DBC-A357-15E644BBC6CE}.Debug|Any CPU.ActiveCfg = Debug|Any CPU
		{7579FEC5-6E9B-4DBC-A357-15E644BBC6CE}.Debug|Any CPU.Build.0 = Debug|Any CPU
		{7579FEC5-6E9B-4DBC-A357-15E644BBC6CE}.Release|Any CPU.ActiveCfg = Release|Any CPU
		{7579FEC5-6E9B-4DBC-A357-15E644BBC6CE}.Release|Any CPU.Build.0 = Release|Any CPU
		{21D3D014-ECD8-491A-8677-9E60AD7F2E4B}.Debug|Any CPU.ActiveCfg = Debug|Any CPU
		{21D3D014-ECD8-491A-8677-9E60AD7F2E4B}.Debug|Any CPU.Build.0 = Debug|Any CPU
		{21D3D014-ECD8-491A-8677-9E60AD7F2E4B}.Release|Any CPU.ActiveCfg = Release|Any CPU
		{21D3D014-ECD8-491A-8677-9E60AD7F2E4B}.Release|Any CPU.Build.0 = Release|Any CPU
		{B599790E-4D50-484C-863D-652258CBE9BD}.Debug|Any CPU.ActiveCfg = Debug|Any CPU
		{B599790E-4D50-484C-863D-652258CBE9BD}.Debug|Any CPU.Build.0 = Debug|Any CPU
		{B599790E-4D50-484C-863D-652258CBE9BD}.Release|Any CPU.ActiveCfg = Release|Any CPU
		{B599790E-4D50-484C-863D-652258CBE9BD}.Release|Any CPU.Build.0 = Release|Any CPU
		{441B7BA3-F928-491D-B3F0-F0B051F1801A}.Debug|Any CPU.ActiveCfg = Debug|Any CPU
		{441B7BA3-F928-491D-B3F0-F0B051F1801A}.Debug|Any CPU.Build.0 = Debug|Any CPU
		{441B7BA3-F928-491D-B3F0-F0B051F1801A}.Release|Any CPU.ActiveCfg = Release|Any CPU
		{441B7BA3-F928-491D-B3F0-F0B051F1801A}.Release|Any CPU.Build.0 = Release|Any CPU
		{16B79222-BD42-47B8-8FC2-4C707A4A56A5}.Debug|Any CPU.ActiveCfg = Debug|Any CPU
		{16B79222-BD42-47B8-8FC2-4C707A4A56A5}.Debug|Any CPU.Build.0 = Debug|Any CPU
		{16B79222-BD42-47B8-8FC2-4C707A4A56A5}.Release|Any CPU.ActiveCfg = Release|Any CPU
		{16B79222-BD42-47B8-8FC2-4C707A4A56A5}.Release|Any CPU.Build.0 = Release|Any CPU
		{065441C4-4E48-4B4E-AE28-BDB27E83ED97}.Debug|Any CPU.ActiveCfg = Debug|Any CPU
		{065441C4-4E48-4B4E-AE28-BDB27E83ED97}.Debug|Any CPU.Build.0 = Debug|Any CPU
		{065441C4-4E48-4B4E-AE28-BDB27E83ED97}.Release|Any CPU.ActiveCfg = Release|Any CPU
		{065441C4-4E48-4B4E-AE28-BDB27E83ED97}.Release|Any CPU.Build.0 = Release|Any CPU
		{16041F09-074C-4B61-B85C-0D33C7C416A6}.Debug|Any CPU.ActiveCfg = Debug|Any CPU
		{16041F09-074C-4B61-B85C-0D33C7C416A6}.Debug|Any CPU.Build.0 = Debug|Any CPU
		{16041F09-074C-4B61-B85C-0D33C7C416A6}.Release|Any CPU.ActiveCfg = Release|Any CPU
		{16041F09-074C-4B61-B85C-0D33C7C416A6}.Release|Any CPU.Build.0 = Release|Any CPU
		{190158E2-4D0C-4C6A-AC6E-F6F33F6E59D7}.Debug|Any CPU.ActiveCfg = Debug|Any CPU
		{190158E2-4D0C-4C6A-AC6E-F6F33F6E59D7}.Debug|Any CPU.Build.0 = Debug|Any CPU
		{190158E2-4D0C-4C6A-AC6E-F6F33F6E59D7}.Release|Any CPU.ActiveCfg = Release|Any CPU
		{190158E2-4D0C-4C6A-AC6E-F6F33F6E59D7}.Release|Any CPU.Build.0 = Release|Any CPU
		{A98D4A60-A3AF-42C8-868F-C0813D5228B9}.Debug|Any CPU.ActiveCfg = Debug|Any CPU
		{A98D4A60-A3AF-42C8-868F-C0813D5228B9}.Debug|Any CPU.Build.0 = Debug|Any CPU
		{A98D4A60-A3AF-42C8-868F-C0813D5228B9}.Release|Any CPU.ActiveCfg = Release|Any CPU
		{A98D4A60-A3AF-42C8-868F-C0813D5228B9}.Release|Any CPU.Build.0 = Release|Any CPU
		{CF3FF100-E802-4E63-8982-4F4730EB1295}.Debug|Any CPU.ActiveCfg = Debug|Any CPU
		{CF3FF100-E802-4E63-8982-4F4730EB1295}.Debug|Any CPU.Build.0 = Debug|Any CPU
		{CF3FF100-E802-4E63-8982-4F4730EB1295}.Release|Any CPU.ActiveCfg = Release|Any CPU
		{CF3FF100-E802-4E63-8982-4F4730EB1295}.Release|Any CPU.Build.0 = Release|Any CPU
		{5B3C571F-526D-49A0-84B8-BD04410FA04E}.Debug|Any CPU.ActiveCfg = Debug|Any CPU
		{5B3C571F-526D-49A0-84B8-BD04410FA04E}.Debug|Any CPU.Build.0 = Debug|Any CPU
		{5B3C571F-526D-49A0-84B8-BD04410FA04E}.Release|Any CPU.ActiveCfg = Release|Any CPU
		{5B3C571F-526D-49A0-84B8-BD04410FA04E}.Release|Any CPU.Build.0 = Release|Any CPU
		{FC454B02-E966-4253-BE75-176A8A53EB11}.Debug|Any CPU.ActiveCfg = Debug|Any CPU
		{FC454B02-E966-4253-BE75-176A8A53EB11}.Debug|Any CPU.Build.0 = Debug|Any CPU
		{FC454B02-E966-4253-BE75-176A8A53EB11}.Release|Any CPU.ActiveCfg = Release|Any CPU
		{FC454B02-E966-4253-BE75-176A8A53EB11}.Release|Any CPU.Build.0 = Release|Any CPU
		{8601A331-B526-4067-964F-8B6BCE346C8E}.Debug|Any CPU.ActiveCfg = Debug|Any CPU
		{8601A331-B526-4067-964F-8B6BCE346C8E}.Debug|Any CPU.Build.0 = Debug|Any CPU
		{8601A331-B526-4067-964F-8B6BCE346C8E}.Release|Any CPU.ActiveCfg = Release|Any CPU
		{8601A331-B526-4067-964F-8B6BCE346C8E}.Release|Any CPU.Build.0 = Release|Any CPU
		{BD59F618-9E53-44D7-974C-E34036C7D09B}.Debug|Any CPU.ActiveCfg = Debug|Any CPU
		{BD59F618-9E53-44D7-974C-E34036C7D09B}.Debug|Any CPU.Build.0 = Debug|Any CPU
		{BD59F618-9E53-44D7-974C-E34036C7D09B}.Release|Any CPU.ActiveCfg = Release|Any CPU
		{BD59F618-9E53-44D7-974C-E34036C7D09B}.Release|Any CPU.Build.0 = Release|Any CPU
		{E80006F7-A2BC-49CA-A3BA-A3796F99490C}.Debug|Any CPU.ActiveCfg = Debug|Any CPU
		{E80006F7-A2BC-49CA-A3BA-A3796F99490C}.Debug|Any CPU.Build.0 = Debug|Any CPU
		{E80006F7-A2BC-49CA-A3BA-A3796F99490C}.Release|Any CPU.ActiveCfg = Release|Any CPU
		{E80006F7-A2BC-49CA-A3BA-A3796F99490C}.Release|Any CPU.Build.0 = Release|Any CPU
		{270A7CB6-6D18-43F8-A474-0C508F37D840}.Debug|Any CPU.ActiveCfg = Debug|Any CPU
		{270A7CB6-6D18-43F8-A474-0C508F37D840}.Debug|Any CPU.Build.0 = Debug|Any CPU
		{270A7CB6-6D18-43F8-A474-0C508F37D840}.Release|Any CPU.ActiveCfg = Release|Any CPU
		{270A7CB6-6D18-43F8-A474-0C508F37D840}.Release|Any CPU.Build.0 = Release|Any CPU
		{20CFDE6C-5B92-4F34-8B24-ADDF9D6C2EF7}.Debug|Any CPU.ActiveCfg = Debug|Any CPU
		{20CFDE6C-5B92-4F34-8B24-ADDF9D6C2EF7}.Debug|Any CPU.Build.0 = Debug|Any CPU
		{20CFDE6C-5B92-4F34-8B24-ADDF9D6C2EF7}.Release|Any CPU.ActiveCfg = Release|Any CPU
		{20CFDE6C-5B92-4F34-8B24-ADDF9D6C2EF7}.Release|Any CPU.Build.0 = Release|Any CPU
		{7366B465-8069-4752-8B35-A901D33B5781}.Debug|Any CPU.ActiveCfg = Debug|Any CPU
		{7366B465-8069-4752-8B35-A901D33B5781}.Debug|Any CPU.Build.0 = Debug|Any CPU
		{7366B465-8069-4752-8B35-A901D33B5781}.Release|Any CPU.ActiveCfg = Release|Any CPU
		{7366B465-8069-4752-8B35-A901D33B5781}.Release|Any CPU.Build.0 = Release|Any CPU
		{5AA16CCB-00C9-416D-ADFF-BF0F6DB70D2E}.Debug|Any CPU.ActiveCfg = Debug|Any CPU
		{5AA16CCB-00C9-416D-ADFF-BF0F6DB70D2E}.Debug|Any CPU.Build.0 = Debug|Any CPU
		{5AA16CCB-00C9-416D-ADFF-BF0F6DB70D2E}.Release|Any CPU.ActiveCfg = Release|Any CPU
		{5AA16CCB-00C9-416D-ADFF-BF0F6DB70D2E}.Release|Any CPU.Build.0 = Release|Any CPU
		{C213B0C2-077C-432A-BEE1-ADD24C53E0EE}.Debug|Any CPU.ActiveCfg = Debug|Any CPU
		{C213B0C2-077C-432A-BEE1-ADD24C53E0EE}.Debug|Any CPU.Build.0 = Debug|Any CPU
		{C213B0C2-077C-432A-BEE1-ADD24C53E0EE}.Release|Any CPU.ActiveCfg = Release|Any CPU
		{C213B0C2-077C-432A-BEE1-ADD24C53E0EE}.Release|Any CPU.Build.0 = Release|Any CPU
		{7B1D5BE8-4D2E-4385-86F6-DC6674929DE0}.Debug|Any CPU.ActiveCfg = Debug|Any CPU
		{7B1D5BE8-4D2E-4385-86F6-DC6674929DE0}.Debug|Any CPU.Build.0 = Debug|Any CPU
		{7B1D5BE8-4D2E-4385-86F6-DC6674929DE0}.Release|Any CPU.ActiveCfg = Release|Any CPU
		{7B1D5BE8-4D2E-4385-86F6-DC6674929DE0}.Release|Any CPU.Build.0 = Release|Any CPU
		{B93C0F1C-D73C-40D1-8E8C-903DFC92CE51}.Debug|Any CPU.ActiveCfg = Debug|Any CPU
		{B93C0F1C-D73C-40D1-8E8C-903DFC92CE51}.Debug|Any CPU.Build.0 = Debug|Any CPU
		{B93C0F1C-D73C-40D1-8E8C-903DFC92CE51}.Release|Any CPU.ActiveCfg = Release|Any CPU
		{B93C0F1C-D73C-40D1-8E8C-903DFC92CE51}.Release|Any CPU.Build.0 = Release|Any CPU
		{B0D7DAC7-2952-4BC7-BBC4-3693DA8028A6}.Debug|Any CPU.ActiveCfg = Debug|Any CPU
		{B0D7DAC7-2952-4BC7-BBC4-3693DA8028A6}.Debug|Any CPU.Build.0 = Debug|Any CPU
		{B0D7DAC7-2952-4BC7-BBC4-3693DA8028A6}.Release|Any CPU.ActiveCfg = Release|Any CPU
		{B0D7DAC7-2952-4BC7-BBC4-3693DA8028A6}.Release|Any CPU.Build.0 = Release|Any CPU
		{78BB52F3-97DF-4387-9D12-0C53EA1A72D4}.Debug|Any CPU.ActiveCfg = Debug|Any CPU
		{78BB52F3-97DF-4387-9D12-0C53EA1A72D4}.Debug|Any CPU.Build.0 = Debug|Any CPU
		{78BB52F3-97DF-4387-9D12-0C53EA1A72D4}.Release|Any CPU.ActiveCfg = Release|Any CPU
		{78BB52F3-97DF-4387-9D12-0C53EA1A72D4}.Release|Any CPU.Build.0 = Release|Any CPU
		{B6710831-F653-46A0-9451-5428879764FE}.Debug|Any CPU.ActiveCfg = Debug|Any CPU
		{B6710831-F653-46A0-9451-5428879764FE}.Debug|Any CPU.Build.0 = Debug|Any CPU
		{B6710831-F653-46A0-9451-5428879764FE}.Release|Any CPU.ActiveCfg = Release|Any CPU
		{B6710831-F653-46A0-9451-5428879764FE}.Release|Any CPU.Build.0 = Release|Any CPU
		{8BF85223-FFA1-45A7-BC21-2817775D9588}.Debug|Any CPU.ActiveCfg = Debug|Any CPU
		{8BF85223-FFA1-45A7-BC21-2817775D9588}.Debug|Any CPU.Build.0 = Debug|Any CPU
		{8BF85223-FFA1-45A7-BC21-2817775D9588}.Release|Any CPU.ActiveCfg = Release|Any CPU
		{8BF85223-FFA1-45A7-BC21-2817775D9588}.Release|Any CPU.Build.0 = Release|Any CPU
		{0D804F0B-4344-4DF9-B004-023BBE5352A0}.Debug|Any CPU.ActiveCfg = Debug|Any CPU
		{0D804F0B-4344-4DF9-B004-023BBE5352A0}.Debug|Any CPU.Build.0 = Debug|Any CPU
		{0D804F0B-4344-4DF9-B004-023BBE5352A0}.Release|Any CPU.ActiveCfg = Release|Any CPU
		{0D804F0B-4344-4DF9-B004-023BBE5352A0}.Release|Any CPU.Build.0 = Release|Any CPU
		{A2362D95-9F2B-4C00-8783-531C846938B3}.Debug|Any CPU.ActiveCfg = Debug|Any CPU
		{A2362D95-9F2B-4C00-8783-531C846938B3}.Debug|Any CPU.Build.0 = Debug|Any CPU
		{A2362D95-9F2B-4C00-8783-531C846938B3}.Release|Any CPU.ActiveCfg = Release|Any CPU
		{A2362D95-9F2B-4C00-8783-531C846938B3}.Release|Any CPU.Build.0 = Release|Any CPU
		{936D62F3-A3DB-4F96-8D14-B15D681198E1}.Debug|Any CPU.ActiveCfg = Debug|Any CPU
		{936D62F3-A3DB-4F96-8D14-B15D681198E1}.Debug|Any CPU.Build.0 = Debug|Any CPU
		{936D62F3-A3DB-4F96-8D14-B15D681198E1}.Release|Any CPU.ActiveCfg = Release|Any CPU
		{936D62F3-A3DB-4F96-8D14-B15D681198E1}.Release|Any CPU.Build.0 = Release|Any CPU
		{D936FDB2-2901-4182-93DF-8C1D539D8DDA}.Debug|Any CPU.ActiveCfg = Debug|Any CPU
		{D936FDB2-2901-4182-93DF-8C1D539D8DDA}.Debug|Any CPU.Build.0 = Debug|Any CPU
		{D936FDB2-2901-4182-93DF-8C1D539D8DDA}.Release|Any CPU.ActiveCfg = Release|Any CPU
		{D936FDB2-2901-4182-93DF-8C1D539D8DDA}.Release|Any CPU.Build.0 = Release|Any CPU
		{4AB6A522-2DB6-4AD6-A7C1-B8A29AF5ADC9}.Debug|Any CPU.ActiveCfg = Debug|Any CPU
		{4AB6A522-2DB6-4AD6-A7C1-B8A29AF5ADC9}.Debug|Any CPU.Build.0 = Debug|Any CPU
		{4AB6A522-2DB6-4AD6-A7C1-B8A29AF5ADC9}.Release|Any CPU.ActiveCfg = Release|Any CPU
		{4AB6A522-2DB6-4AD6-A7C1-B8A29AF5ADC9}.Release|Any CPU.Build.0 = Release|Any CPU
		{CED91FE3-AFD0-4281-84B6-6AA2CE92AC67}.Debug|Any CPU.ActiveCfg = Debug|Any CPU
		{CED91FE3-AFD0-4281-84B6-6AA2CE92AC67}.Debug|Any CPU.Build.0 = Debug|Any CPU
		{CED91FE3-AFD0-4281-84B6-6AA2CE92AC67}.Release|Any CPU.ActiveCfg = Release|Any CPU
		{CED91FE3-AFD0-4281-84B6-6AA2CE92AC67}.Release|Any CPU.Build.0 = Release|Any CPU
		{A89DB39B-37EC-4170-8FEF-6F549A5201AB}.Debug|Any CPU.ActiveCfg = Debug|Any CPU
		{A89DB39B-37EC-4170-8FEF-6F549A5201AB}.Debug|Any CPU.Build.0 = Debug|Any CPU
		{A89DB39B-37EC-4170-8FEF-6F549A5201AB}.Release|Any CPU.ActiveCfg = Release|Any CPU
		{A89DB39B-37EC-4170-8FEF-6F549A5201AB}.Release|Any CPU.Build.0 = Release|Any CPU
		{1CA5DE9F-63D6-4939-BCAB-884C51E7F082}.Debug|Any CPU.ActiveCfg = Debug|Any CPU
		{1CA5DE9F-63D6-4939-BCAB-884C51E7F082}.Debug|Any CPU.Build.0 = Debug|Any CPU
		{1CA5DE9F-63D6-4939-BCAB-884C51E7F082}.Release|Any CPU.ActiveCfg = Release|Any CPU
		{1CA5DE9F-63D6-4939-BCAB-884C51E7F082}.Release|Any CPU.Build.0 = Release|Any CPU
		{08AB9417-B6CA-4D67-906A-56D6B83E5C7B}.Debug|Any CPU.ActiveCfg = Debug|Any CPU
		{08AB9417-B6CA-4D67-906A-56D6B83E5C7B}.Debug|Any CPU.Build.0 = Debug|Any CPU
		{08AB9417-B6CA-4D67-906A-56D6B83E5C7B}.Release|Any CPU.ActiveCfg = Release|Any CPU
		{08AB9417-B6CA-4D67-906A-56D6B83E5C7B}.Release|Any CPU.Build.0 = Release|Any CPU
		{B43589A4-DE94-4016-BD3E-C2BD228F2BC5}.Debug|Any CPU.ActiveCfg = Debug|Any CPU
		{B43589A4-DE94-4016-BD3E-C2BD228F2BC5}.Debug|Any CPU.Build.0 = Debug|Any CPU
		{B43589A4-DE94-4016-BD3E-C2BD228F2BC5}.Release|Any CPU.ActiveCfg = Release|Any CPU
		{B43589A4-DE94-4016-BD3E-C2BD228F2BC5}.Release|Any CPU.Build.0 = Release|Any CPU
		{2C22E83A-18D8-44D6-8684-B4035D4EA478}.Debug|Any CPU.ActiveCfg = Debug|Any CPU
		{2C22E83A-18D8-44D6-8684-B4035D4EA478}.Debug|Any CPU.Build.0 = Debug|Any CPU
		{2C22E83A-18D8-44D6-8684-B4035D4EA478}.Release|Any CPU.ActiveCfg = Release|Any CPU
		{2C22E83A-18D8-44D6-8684-B4035D4EA478}.Release|Any CPU.Build.0 = Release|Any CPU
		{947CF2A8-EEE0-4E1E-B79E-71829D78C47C}.Debug|Any CPU.ActiveCfg = Debug|Any CPU
		{947CF2A8-EEE0-4E1E-B79E-71829D78C47C}.Debug|Any CPU.Build.0 = Debug|Any CPU
		{947CF2A8-EEE0-4E1E-B79E-71829D78C47C}.Release|Any CPU.ActiveCfg = Release|Any CPU
		{947CF2A8-EEE0-4E1E-B79E-71829D78C47C}.Release|Any CPU.Build.0 = Release|Any CPU
		{09AC8091-4F38-4CE8-BFF5-5D26F1863E59}.Debug|Any CPU.ActiveCfg = Debug|Any CPU
		{09AC8091-4F38-4CE8-BFF5-5D26F1863E59}.Debug|Any CPU.Build.0 = Debug|Any CPU
		{09AC8091-4F38-4CE8-BFF5-5D26F1863E59}.Release|Any CPU.ActiveCfg = Release|Any CPU
		{09AC8091-4F38-4CE8-BFF5-5D26F1863E59}.Release|Any CPU.Build.0 = Release|Any CPU
		{8735F084-769E-4138-9A1F-745623F702E2}.Debug|Any CPU.ActiveCfg = Debug|Any CPU
		{8735F084-769E-4138-9A1F-745623F702E2}.Debug|Any CPU.Build.0 = Debug|Any CPU
		{8735F084-769E-4138-9A1F-745623F702E2}.Release|Any CPU.ActiveCfg = Release|Any CPU
		{8735F084-769E-4138-9A1F-745623F702E2}.Release|Any CPU.Build.0 = Release|Any CPU
		{300D165E-BE6D-443A-B501-D05B0518068C}.Debug|Any CPU.ActiveCfg = Debug|Any CPU
		{300D165E-BE6D-443A-B501-D05B0518068C}.Debug|Any CPU.Build.0 = Debug|Any CPU
		{300D165E-BE6D-443A-B501-D05B0518068C}.Release|Any CPU.ActiveCfg = Release|Any CPU
		{300D165E-BE6D-443A-B501-D05B0518068C}.Release|Any CPU.Build.0 = Release|Any CPU
		{E1C7ABCC-7EF7-4B8F-8F66-0B892833EA72}.Debug|Any CPU.ActiveCfg = Debug|Any CPU
		{E1C7ABCC-7EF7-4B8F-8F66-0B892833EA72}.Debug|Any CPU.Build.0 = Debug|Any CPU
		{E1C7ABCC-7EF7-4B8F-8F66-0B892833EA72}.Release|Any CPU.ActiveCfg = Release|Any CPU
		{E1C7ABCC-7EF7-4B8F-8F66-0B892833EA72}.Release|Any CPU.Build.0 = Release|Any CPU
		{D57B0CBE-E43F-4EC6-9D7F-1004325D894E}.Debug|Any CPU.ActiveCfg = Debug|Any CPU
		{D57B0CBE-E43F-4EC6-9D7F-1004325D894E}.Debug|Any CPU.Build.0 = Debug|Any CPU
		{D57B0CBE-E43F-4EC6-9D7F-1004325D894E}.Release|Any CPU.ActiveCfg = Release|Any CPU
		{D57B0CBE-E43F-4EC6-9D7F-1004325D894E}.Release|Any CPU.Build.0 = Release|Any CPU
		{FF87E858-8DF8-48FD-88BF-9E7BE75983A9}.Debug|Any CPU.ActiveCfg = Debug|Any CPU
		{FF87E858-8DF8-48FD-88BF-9E7BE75983A9}.Debug|Any CPU.Build.0 = Debug|Any CPU
		{FF87E858-8DF8-48FD-88BF-9E7BE75983A9}.Release|Any CPU.ActiveCfg = Release|Any CPU
		{FF87E858-8DF8-48FD-88BF-9E7BE75983A9}.Release|Any CPU.Build.0 = Release|Any CPU
		{C6B00EEB-6550-4B98-8BCC-494178F4A8E0}.Debug|Any CPU.ActiveCfg = Debug|Any CPU
		{C6B00EEB-6550-4B98-8BCC-494178F4A8E0}.Debug|Any CPU.Build.0 = Debug|Any CPU
		{C6B00EEB-6550-4B98-8BCC-494178F4A8E0}.Release|Any CPU.ActiveCfg = Release|Any CPU
		{C6B00EEB-6550-4B98-8BCC-494178F4A8E0}.Release|Any CPU.Build.0 = Release|Any CPU
		{22A456F2-83C1-4C1E-BFD7-AC18D28BF0FC}.Debug|Any CPU.ActiveCfg = Debug|Any CPU
		{22A456F2-83C1-4C1E-BFD7-AC18D28BF0FC}.Debug|Any CPU.Build.0 = Debug|Any CPU
		{22A456F2-83C1-4C1E-BFD7-AC18D28BF0FC}.Release|Any CPU.ActiveCfg = Release|Any CPU
		{22A456F2-83C1-4C1E-BFD7-AC18D28BF0FC}.Release|Any CPU.Build.0 = Release|Any CPU
		{F6D7EE5B-D755-4187-B61D-7C8F6B1219B4}.Debug|Any CPU.ActiveCfg = Debug|Any CPU
		{F6D7EE5B-D755-4187-B61D-7C8F6B1219B4}.Debug|Any CPU.Build.0 = Debug|Any CPU
		{F6D7EE5B-D755-4187-B61D-7C8F6B1219B4}.Release|Any CPU.ActiveCfg = Release|Any CPU
		{F6D7EE5B-D755-4187-B61D-7C8F6B1219B4}.Release|Any CPU.Build.0 = Release|Any CPU
		{668E9B74-7692-4333-B4C7-8D0DA92D19A2}.Debug|Any CPU.ActiveCfg = Debug|Any CPU
		{668E9B74-7692-4333-B4C7-8D0DA92D19A2}.Debug|Any CPU.Build.0 = Debug|Any CPU
		{668E9B74-7692-4333-B4C7-8D0DA92D19A2}.Release|Any CPU.ActiveCfg = Release|Any CPU
		{668E9B74-7692-4333-B4C7-8D0DA92D19A2}.Release|Any CPU.Build.0 = Release|Any CPU
		{5D45FBFB-D703-44D9-9F60-B5C12B5375E6}.Debug|Any CPU.ActiveCfg = Debug|Any CPU
		{5D45FBFB-D703-44D9-9F60-B5C12B5375E6}.Debug|Any CPU.Build.0 = Debug|Any CPU
		{5D45FBFB-D703-44D9-9F60-B5C12B5375E6}.Release|Any CPU.ActiveCfg = Release|Any CPU
		{5D45FBFB-D703-44D9-9F60-B5C12B5375E6}.Release|Any CPU.Build.0 = Release|Any CPU
		{20E6137D-925E-4E51-8388-78876347C953}.Debug|Any CPU.ActiveCfg = Debug|Any CPU
		{20E6137D-925E-4E51-8388-78876347C953}.Debug|Any CPU.Build.0 = Debug|Any CPU
		{20E6137D-925E-4E51-8388-78876347C953}.Release|Any CPU.ActiveCfg = Release|Any CPU
		{20E6137D-925E-4E51-8388-78876347C953}.Release|Any CPU.Build.0 = Release|Any CPU
		{05C3E152-C272-445B-87D2-8E8B9C6383F4}.Debug|Any CPU.ActiveCfg = Debug|Any CPU
		{05C3E152-C272-445B-87D2-8E8B9C6383F4}.Debug|Any CPU.Build.0 = Debug|Any CPU
		{05C3E152-C272-445B-87D2-8E8B9C6383F4}.Release|Any CPU.ActiveCfg = Release|Any CPU
		{05C3E152-C272-445B-87D2-8E8B9C6383F4}.Release|Any CPU.Build.0 = Release|Any CPU
		{5EF5D3DF-D143-4066-A4B6-F7DA5A4ECB3D}.Debug|Any CPU.ActiveCfg = Debug|Any CPU
		{5EF5D3DF-D143-4066-A4B6-F7DA5A4ECB3D}.Debug|Any CPU.Build.0 = Debug|Any CPU
		{5EF5D3DF-D143-4066-A4B6-F7DA5A4ECB3D}.Release|Any CPU.ActiveCfg = Release|Any CPU
		{5EF5D3DF-D143-4066-A4B6-F7DA5A4ECB3D}.Release|Any CPU.Build.0 = Release|Any CPU
		{08E9AA4B-2667-4F61-9CA5-6B4D0C4CA6E2}.Debug|Any CPU.ActiveCfg = Debug|Any CPU
		{08E9AA4B-2667-4F61-9CA5-6B4D0C4CA6E2}.Debug|Any CPU.Build.0 = Debug|Any CPU
		{08E9AA4B-2667-4F61-9CA5-6B4D0C4CA6E2}.Release|Any CPU.ActiveCfg = Release|Any CPU
		{08E9AA4B-2667-4F61-9CA5-6B4D0C4CA6E2}.Release|Any CPU.Build.0 = Release|Any CPU
		{B8C5B91A-D8A1-437B-BE29-F250CCE80AA3}.Debug|Any CPU.ActiveCfg = Debug|Any CPU
		{B8C5B91A-D8A1-437B-BE29-F250CCE80AA3}.Debug|Any CPU.Build.0 = Debug|Any CPU
		{B8C5B91A-D8A1-437B-BE29-F250CCE80AA3}.Release|Any CPU.ActiveCfg = Release|Any CPU
		{B8C5B91A-D8A1-437B-BE29-F250CCE80AA3}.Release|Any CPU.Build.0 = Release|Any CPU
		{71756E6E-66BD-46CF-8E39-92AA2A14452C}.Debug|Any CPU.ActiveCfg = Debug|Any CPU
		{71756E6E-66BD-46CF-8E39-92AA2A14452C}.Debug|Any CPU.Build.0 = Debug|Any CPU
		{71756E6E-66BD-46CF-8E39-92AA2A14452C}.Release|Any CPU.ActiveCfg = Release|Any CPU
		{71756E6E-66BD-46CF-8E39-92AA2A14452C}.Release|Any CPU.Build.0 = Release|Any CPU
		{C9D12141-17D9-423F-8B8F-1D376F898DF8}.Debug|Any CPU.ActiveCfg = Debug|Any CPU
		{C9D12141-17D9-423F-8B8F-1D376F898DF8}.Debug|Any CPU.Build.0 = Debug|Any CPU
		{C9D12141-17D9-423F-8B8F-1D376F898DF8}.Release|Any CPU.ActiveCfg = Release|Any CPU
		{C9D12141-17D9-423F-8B8F-1D376F898DF8}.Release|Any CPU.Build.0 = Release|Any CPU
		{357D91E0-8627-4090-947A-AB02BE8CBD60}.Debug|Any CPU.ActiveCfg = Debug|Any CPU
		{357D91E0-8627-4090-947A-AB02BE8CBD60}.Debug|Any CPU.Build.0 = Debug|Any CPU
		{357D91E0-8627-4090-947A-AB02BE8CBD60}.Release|Any CPU.ActiveCfg = Release|Any CPU
		{357D91E0-8627-4090-947A-AB02BE8CBD60}.Release|Any CPU.Build.0 = Release|Any CPU
		{87899B53-9381-4AC0-892D-62DDA19EBB52}.Debug|Any CPU.ActiveCfg = Debug|Any CPU
		{87899B53-9381-4AC0-892D-62DDA19EBB52}.Debug|Any CPU.Build.0 = Debug|Any CPU
		{87899B53-9381-4AC0-892D-62DDA19EBB52}.Release|Any CPU.ActiveCfg = Release|Any CPU
		{87899B53-9381-4AC0-892D-62DDA19EBB52}.Release|Any CPU.Build.0 = Release|Any CPU
		{80C2992A-77C8-4938-8AC3-89EBE17137CA}.Debug|Any CPU.ActiveCfg = Debug|Any CPU
		{80C2992A-77C8-4938-8AC3-89EBE17137CA}.Debug|Any CPU.Build.0 = Debug|Any CPU
		{80C2992A-77C8-4938-8AC3-89EBE17137CA}.Release|Any CPU.ActiveCfg = Release|Any CPU
		{80C2992A-77C8-4938-8AC3-89EBE17137CA}.Release|Any CPU.Build.0 = Release|Any CPU
		{F8ED3432-A77A-4ACA-8E41-D4F7CD32700D}.Debug|Any CPU.ActiveCfg = Debug|Any CPU
		{F8ED3432-A77A-4ACA-8E41-D4F7CD32700D}.Debug|Any CPU.Build.0 = Debug|Any CPU
		{F8ED3432-A77A-4ACA-8E41-D4F7CD32700D}.Release|Any CPU.ActiveCfg = Release|Any CPU
		{F8ED3432-A77A-4ACA-8E41-D4F7CD32700D}.Release|Any CPU.Build.0 = Release|Any CPU
	EndGlobalSection
	GlobalSection(SolutionProperties) = preSolution
		HideSolutionNode = FALSE
	EndGlobalSection
	GlobalSection(NestedProjects) = preSolution
		{BF0A4A12-4248-4DA6-9357-FED1990BDB2C} = {CD278762-9ACD-48B2-BD8A-424C2CD42A38}
		{417B0202-784B-424E-9429-7F50EAD2D0E1} = {BF0A4A12-4248-4DA6-9357-FED1990BDB2C}
		{04B67F86-4363-4459-8311-A9DD496F1B36} = {CD278762-9ACD-48B2-BD8A-424C2CD42A38}
		{316759E5-C753-4A26-ACFB-D078BD432177} = {04B67F86-4363-4459-8311-A9DD496F1B36}
		{9A321F61-F447-47D9-87B1-5CA67201BF2D} = {CD278762-9ACD-48B2-BD8A-424C2CD42A38}
		{B097F9C0-36F9-434E-86E4-C3C18411182D} = {9A321F61-F447-47D9-87B1-5CA67201BF2D}
		{087AAC9F-29DF-453A-A26D-D50FFA0D8E13} = {9A321F61-F447-47D9-87B1-5CA67201BF2D}
		{5F02A036-2672-47F0-A25A-D6AC266F1211} = {9A321F61-F447-47D9-87B1-5CA67201BF2D}
		{0F6A684C-AC5E-4750-8138-5A5AFB9FC310} = {9A321F61-F447-47D9-87B1-5CA67201BF2D}
		{EC2F9155-6CAF-4BB7-A2E6-97DDF97E152B} = {9A321F61-F447-47D9-87B1-5CA67201BF2D}
		{3AE48ABE-16A9-47E6-BC98-DC6DB676195E} = {CD278762-9ACD-48B2-BD8A-424C2CD42A38}
		{A141EC05-DD81-4F71-8AD5-B478A09C51BF} = {3AE48ABE-16A9-47E6-BC98-DC6DB676195E}
		{9011A46A-08F4-4508-BA3E-803AEBC9F4AF} = {3AE48ABE-16A9-47E6-BC98-DC6DB676195E}
		{67CB29E1-BDFC-4445-A35D-D230F644D6F6} = {CD278762-9ACD-48B2-BD8A-424C2CD42A38}
		{E0E9741E-C689-48E9-8C19-68AE925F1C3D} = {67CB29E1-BDFC-4445-A35D-D230F644D6F6}
		{91C5611B-2039-4F7D-896A-2F830CF4D4CA} = {CD278762-9ACD-48B2-BD8A-424C2CD42A38}
		{0DEE5166-D867-43D6-9199-A92D818FDB84} = {91C5611B-2039-4F7D-896A-2F830CF4D4CA}
		{25E50513-CA7C-43B2-B9F8-E4684F9A3085} = {CD278762-9ACD-48B2-BD8A-424C2CD42A38}
		{4C1F392B-4AC8-4DEB-A707-51BD32A30A29} = {25E50513-CA7C-43B2-B9F8-E4684F9A3085}
		{5E2C7958-89A3-45F5-BE1C-C703218A1399} = {25E50513-CA7C-43B2-B9F8-E4684F9A3085}
		{B2369ED3-1F7E-4E57-BC60-82806E41B74E} = {CD278762-9ACD-48B2-BD8A-424C2CD42A38}
		{A1C74200-C2EA-4CEE-B251-CD5F0E0896D0} = {B2369ED3-1F7E-4E57-BC60-82806E41B74E}
		{205FA679-B68B-4F14-A4C7-8F6FA96633DB} = {B2369ED3-1F7E-4E57-BC60-82806E41B74E}
		{1ECFEEC7-D8E8-443E-BF93-C8B84C9D9C95} = {CD278762-9ACD-48B2-BD8A-424C2CD42A38}
		{5D485A25-52BD-4509-AC56-1FC6F9F31E21} = {1ECFEEC7-D8E8-443E-BF93-C8B84C9D9C95}
		{4EB8AA09-8B99-4A3F-B922-58BB2BEC397F} = {CD278762-9ACD-48B2-BD8A-424C2CD42A38}
		{B541055F-CF0E-41A9-B51C-D3074A4A4A2B} = {4EB8AA09-8B99-4A3F-B922-58BB2BEC397F}
		{FE9ED0C5-A793-473E-BA69-B3645EA85C9C} = {CD278762-9ACD-48B2-BD8A-424C2CD42A38}
		{C41E7A52-088D-40AD-9731-926024EAEC91} = {FE9ED0C5-A793-473E-BA69-B3645EA85C9C}
		{2B34EC88-E0D3-4CB1-BB57-025814A0E176} = {CD278762-9ACD-48B2-BD8A-424C2CD42A38}
		{C96104E6-FD60-4504-8321-BD2A371A08F6} = {2B34EC88-E0D3-4CB1-BB57-025814A0E176}
		{22CA9455-54AB-4228-A242-8C51DDE518AA} = {CD278762-9ACD-48B2-BD8A-424C2CD42A38}
		{9F3A29CA-A393-4A52-9436-8C8E9A0734E1} = {22CA9455-54AB-4228-A242-8C51DDE518AA}
		{24232993-F2CD-436F-AB17-D1D28472E635} = {CD278762-9ACD-48B2-BD8A-424C2CD42A38}
		{F5E9F61B-92FF-457E-9459-6E328F7EA77C} = {24232993-F2CD-436F-AB17-D1D28472E635}
		{594C879F-81B9-4295-B2D6-4B5E233A8A7C} = {CD278762-9ACD-48B2-BD8A-424C2CD42A38}
		{09EBAA37-CF72-47C2-87F2-E4561C3E8F4F} = {594C879F-81B9-4295-B2D6-4B5E233A8A7C}
		{11B19753-4DBA-4D13-B98E-335ACAF824E8} = {CD278762-9ACD-48B2-BD8A-424C2CD42A38}
		{83613E1E-4E1C-4CE8-8E71-E5258BE02240} = {11B19753-4DBA-4D13-B98E-335ACAF824E8}
		{4E0AED62-DE22-4DBF-8499-8385D5AE6331} = {CD278762-9ACD-48B2-BD8A-424C2CD42A38}
		{7A9FF932-A1E4-4B34-93D5-1189C59BC1E7} = {4E0AED62-DE22-4DBF-8499-8385D5AE6331}
		{45E91832-B2B0-43A3-89B1-374EA3800981} = {4E0AED62-DE22-4DBF-8499-8385D5AE6331}
		{FA789B5F-0C2D-4E0C-8D09-260ECF13BDA9} = {CD278762-9ACD-48B2-BD8A-424C2CD42A38}
		{FEFEFA08-4E1E-4C2B-AD60-295811D497FA} = {FA789B5F-0C2D-4E0C-8D09-260ECF13BDA9}
		{5B496734-BFBE-43B1-BB96-EA3B592EBC76} = {FA789B5F-0C2D-4E0C-8D09-260ECF13BDA9}
		{45CDD342-2F02-446E-BE63-F30AEC9B6B94} = {CD278762-9ACD-48B2-BD8A-424C2CD42A38}
		{C8EF3FC8-4FF1-4CF9-9D68-E062EDFF0AE0} = {45CDD342-2F02-446E-BE63-F30AEC9B6B94}
		{8325F86A-12DC-4D97-8909-729330036F73} = {CD278762-9ACD-48B2-BD8A-424C2CD42A38}
		{FA878902-C9E1-4FFF-BACA-09E1136CF538} = {8325F86A-12DC-4D97-8909-729330036F73}
		{83C8FCE9-DD4D-4FC8-A7F2-D78F4D508BA8} = {CD278762-9ACD-48B2-BD8A-424C2CD42A38}
		{F6DB7B18-AFCC-4D50-AD30-826A89255E21} = {83C8FCE9-DD4D-4FC8-A7F2-D78F4D508BA8}
		{C9A16820-6216-4643-B073-ECF00907C5DC} = {CD278762-9ACD-48B2-BD8A-424C2CD42A38}
		{3FBB1AA4-D956-49A7-A49C-E84A6BFABD26} = {C9A16820-6216-4643-B073-ECF00907C5DC}
		{CA81B0ED-B766-418B-A7C5-6FFFF63FA3EB} = {CD278762-9ACD-48B2-BD8A-424C2CD42A38}
		{253D954D-540D-4F2E-9993-4547D62AB766} = {CA81B0ED-B766-418B-A7C5-6FFFF63FA3EB}
		{EBF09046-CA24-49A6-8007-BC416A82C5D1} = {CD278762-9ACD-48B2-BD8A-424C2CD42A38}
		{D72E56EA-3275-4E8E-B2E4-D04663BE2AE8} = {EBF09046-CA24-49A6-8007-BC416A82C5D1}
		{6D69D502-660C-4851-BD24-E2996B7996C8} = {EBF09046-CA24-49A6-8007-BC416A82C5D1}
		{B6C24592-556D-4AB2-AE80-B79142707DA4} = {CD278762-9ACD-48B2-BD8A-424C2CD42A38}
		{CEF24CA8-1462-445B-9B58-C2D2AFCCD47B} = {B6C24592-556D-4AB2-AE80-B79142707DA4}
		{90553E96-C5A6-47B2-B83A-2390E273E8B8} = {CD278762-9ACD-48B2-BD8A-424C2CD42A38}
		{7C3401C5-7357-451C-9567-192E2E6EDBBC} = {90553E96-C5A6-47B2-B83A-2390E273E8B8}
		{9C574CF5-8C7A-49AD-AB25-F7D16E1BCC2D} = {90553E96-C5A6-47B2-B83A-2390E273E8B8}
		{CF5EA6E1-979B-47EA-8996-067640332923} = {CD278762-9ACD-48B2-BD8A-424C2CD42A38}
		{9715B402-C2D1-4CCD-8A38-35FD4C4E75DC} = {CF5EA6E1-979B-47EA-8996-067640332923}
		{E12C742B-C8FF-4B2D-BC4A-6A42510C1FE1} = {CD278762-9ACD-48B2-BD8A-424C2CD42A38}
		{8C7D666E-21B0-4031-B047-4945E244E135} = {E12C742B-C8FF-4B2D-BC4A-6A42510C1FE1}
		{F6B4139A-51CD-4390-A609-BB6168AF1D6A} = {CD278762-9ACD-48B2-BD8A-424C2CD42A38}
		{C0134AED-E084-4CB0-A65E-7776D01FE836} = {F6B4139A-51CD-4390-A609-BB6168AF1D6A}
		{871B286A-35DE-497F-A2C7-EAB586172D41} = {CD278762-9ACD-48B2-BD8A-424C2CD42A38}
		{8D3AA862-4B03-4821-9776-4E50BFDB7D2F} = {871B286A-35DE-497F-A2C7-EAB586172D41}
		{37873775-745D-4F76-8176-794D2F68AE31} = {CD278762-9ACD-48B2-BD8A-424C2CD42A38}
		{7164E4C4-5624-429B-9C1F-D01635B53553} = {37873775-745D-4F76-8176-794D2F68AE31}
		{CEED45BC-928C-4CFE-8259-D3A004475F4E} = {37873775-745D-4F76-8176-794D2F68AE31}
		{722BE759-670A-43DD-A8B4-F504D8DE598D} = {CD278762-9ACD-48B2-BD8A-424C2CD42A38}
		{78CFA7E6-DC81-4F4F-BB3E-F763C91E564E} = {722BE759-670A-43DD-A8B4-F504D8DE598D}
		{B3761A6D-5BC0-44E0-9FC6-E325551F79E2} = {CD278762-9ACD-48B2-BD8A-424C2CD42A38}
		{A2F41DFF-7FE0-4B48-9482-B79C07BA13C7} = {CD278762-9ACD-48B2-BD8A-424C2CD42A38}
		{F6895A68-CA62-4A2A-A934-29A5557C1EE3} = {A2F41DFF-7FE0-4B48-9482-B79C07BA13C7}
		{C49605B8-DAB3-4DC8-A7AC-F946B2DE2BD5} = {CD278762-9ACD-48B2-BD8A-424C2CD42A38}
		{D823BCD1-74E6-4FED-9DDC-AD982F194F7D} = {C49605B8-DAB3-4DC8-A7AC-F946B2DE2BD5}
		{1162E8F8-7781-448E-9864-02E816705243} = {CD278762-9ACD-48B2-BD8A-424C2CD42A38}
		{5A56C11C-527B-4F8E-A3B3-CE09FADC47B0} = {1162E8F8-7781-448E-9864-02E816705243}
		{1F170898-FB91-4813-B7EC-F299CFAAD6C8} = {CD278762-9ACD-48B2-BD8A-424C2CD42A38}
		{10762C04-C781-4338-868D-C62EC4E8AEF0} = {1F170898-FB91-4813-B7EC-F299CFAAD6C8}
		{FFE39D66-D058-493B-9737-987E0B9885F4} = {CD278762-9ACD-48B2-BD8A-424C2CD42A38}
		{7A841213-4D27-4AB2-B8EB-FAB68F67526D} = {FFE39D66-D058-493B-9737-987E0B9885F4}
		{FBC84BAB-0E85-4937-B216-69EEB949EE57} = {FFE39D66-D058-493B-9737-987E0B9885F4}
		{207B72F8-ED3E-488B-8F09-B64556473742} = {FFE39D66-D058-493B-9737-987E0B9885F4}
		{1C8E6EE9-79D7-46DF-A8F7-3B07FD90FD7E} = {FFE39D66-D058-493B-9737-987E0B9885F4}
		{E71A21C6-C52A-4272-92F2-0C78211A73BB} = {FFE39D66-D058-493B-9737-987E0B9885F4}
		{FC93A234-C883-488C-880D-CB4D27FB94D2} = {CD278762-9ACD-48B2-BD8A-424C2CD42A38}
		{DB3D7949-4E23-4418-9BC2-071F6453F2BC} = {FC93A234-C883-488C-880D-CB4D27FB94D2}
		{D4683EA8-E92A-49EB-B398-AB9D3337248B} = {CD278762-9ACD-48B2-BD8A-424C2CD42A38}
		{3539AC76-2B5F-47DE-B6AD-B735D58232C9} = {D4683EA8-E92A-49EB-B398-AB9D3337248B}
		{843823A3-576C-46D4-A5FB-5CB3F3BF2C73} = {871B286A-35DE-497F-A2C7-EAB586172D41}
		{617FB7EE-FF20-493C-80E0-419B653E48EF} = {45CDD342-2F02-446E-BE63-F30AEC9B6B94}
		{DFA23643-C71A-4021-BC2F-5D5CEEAF028D} = {B2369ED3-1F7E-4E57-BC60-82806E41B74E}
		{0116A66F-AB1F-4E31-9772-09D3FD4FC417} = {722BE759-670A-43DD-A8B4-F504D8DE598D}
		{4B83B601-A8EE-4A3B-A02A-8229657EAC41} = {91C5611B-2039-4F7D-896A-2F830CF4D4CA}
		{68CD8445-4A4B-40BA-9757-9B4B6B45F0BB} = {CD278762-9ACD-48B2-BD8A-424C2CD42A38}
		{7579FEC5-6E9B-4DBC-A357-15E644BBC6CE} = {68CD8445-4A4B-40BA-9757-9B4B6B45F0BB}
		{21D3D014-ECD8-491A-8677-9E60AD7F2E4B} = {C9A16820-6216-4643-B073-ECF00907C5DC}
		{B599790E-4D50-484C-863D-652258CBE9BD} = {CF5EA6E1-979B-47EA-8996-067640332923}
		{5CEE8D8B-E5B8-43AB-925F-79A267EF772A} = {CD278762-9ACD-48B2-BD8A-424C2CD42A38}
		{441B7BA3-F928-491D-B3F0-F0B051F1801A} = {5CEE8D8B-E5B8-43AB-925F-79A267EF772A}
		{CB2A20B7-3BB7-4739-9977-8762763F9E0E} = {CD278762-9ACD-48B2-BD8A-424C2CD42A38}
		{16B79222-BD42-47B8-8FC2-4C707A4A56A5} = {CB2A20B7-3BB7-4739-9977-8762763F9E0E}
		{065441C4-4E48-4B4E-AE28-BDB27E83ED97} = {83C8FCE9-DD4D-4FC8-A7F2-D78F4D508BA8}
		{CABF021D-EFF3-449B-BDF8-F2FFFD529BA2} = {CD278762-9ACD-48B2-BD8A-424C2CD42A38}
		{16041F09-074C-4B61-B85C-0D33C7C416A6} = {CABF021D-EFF3-449B-BDF8-F2FFFD529BA2}
		{D96318A9-E52F-41FB-9C29-24E89BB315D3} = {CD278762-9ACD-48B2-BD8A-424C2CD42A38}
		{190158E2-4D0C-4C6A-AC6E-F6F33F6E59D7} = {D96318A9-E52F-41FB-9C29-24E89BB315D3}
		{9EAC3929-F5CE-4E5D-98BE-F6F444CA5EF1} = {CD278762-9ACD-48B2-BD8A-424C2CD42A38}
		{A98D4A60-A3AF-42C8-868F-C0813D5228B9} = {9EAC3929-F5CE-4E5D-98BE-F6F444CA5EF1}
		{CF3FF100-E802-4E63-8982-4F4730EB1295} = {FA789B5F-0C2D-4E0C-8D09-260ECF13BDA9}
		{5B3C571F-526D-49A0-84B8-BD04410FA04E} = {83C8FCE9-DD4D-4FC8-A7F2-D78F4D508BA8}
		{FC454B02-E966-4253-BE75-176A8A53EB11} = {90553E96-C5A6-47B2-B83A-2390E273E8B8}
		{8601A331-B526-4067-964F-8B6BCE346C8E} = {25E50513-CA7C-43B2-B9F8-E4684F9A3085}
		{BD59F618-9E53-44D7-974C-E34036C7D09B} = {3AE48ABE-16A9-47E6-BC98-DC6DB676195E}
		{E80006F7-A2BC-49CA-A3BA-A3796F99490C} = {3AE48ABE-16A9-47E6-BC98-DC6DB676195E}
		{BCDD7DD0-B7B7-4E33-BD80-F4FDB63E843D} = {CD278762-9ACD-48B2-BD8A-424C2CD42A38}
		{270A7CB6-6D18-43F8-A474-0C508F37D840} = {22CA9455-54AB-4228-A242-8C51DDE518AA}
		{E345485A-1232-402A-9691-7A409A112D46} = {CD278762-9ACD-48B2-BD8A-424C2CD42A38}
		{20CFDE6C-5B92-4F34-8B24-ADDF9D6C2EF7} = {E345485A-1232-402A-9691-7A409A112D46}
		{7366B465-8069-4752-8B35-A901D33B5781} = {45CDD342-2F02-446E-BE63-F30AEC9B6B94}
		{5AA16CCB-00C9-416D-ADFF-BF0F6DB70D2E} = {D96318A9-E52F-41FB-9C29-24E89BB315D3}
		{C213B0C2-077C-432A-BEE1-ADD24C53E0EE} = {90553E96-C5A6-47B2-B83A-2390E273E8B8}
		{7B1D5BE8-4D2E-4385-86F6-DC6674929DE0} = {CABF021D-EFF3-449B-BDF8-F2FFFD529BA2}
		{D8021D70-9C1E-4371-919D-6B09C9E47E25} = {CD278762-9ACD-48B2-BD8A-424C2CD42A38}
		{B93C0F1C-D73C-40D1-8E8C-903DFC92CE51} = {D8021D70-9C1E-4371-919D-6B09C9E47E25}
		{ED793C18-C000-47F8-94E7-4EFB3A442EEB} = {CD278762-9ACD-48B2-BD8A-424C2CD42A38}
		{B0D7DAC7-2952-4BC7-BBC4-3693DA8028A6} = {ED793C18-C000-47F8-94E7-4EFB3A442EEB}
		{84566CE6-8FB0-4525-BC1B-B655C7EF8AF5} = {CD278762-9ACD-48B2-BD8A-424C2CD42A38}
		{78BB52F3-97DF-4387-9D12-0C53EA1A72D4} = {84566CE6-8FB0-4525-BC1B-B655C7EF8AF5}
		{18619EE6-D62A-47B6-9F6A-608AECA05305} = {CD278762-9ACD-48B2-BD8A-424C2CD42A38}
		{B6710831-F653-46A0-9451-5428879764FE} = {18619EE6-D62A-47B6-9F6A-608AECA05305}
		{8BF85223-FFA1-45A7-BC21-2817775D9588} = {BCDD7DD0-B7B7-4E33-BD80-F4FDB63E843D}
		{0D804F0B-4344-4DF9-B004-023BBE5352A0} = {D4683EA8-E92A-49EB-B398-AB9D3337248B}
		{58A5F63E-8FD1-45D4-B194-3B2EFE846C3F} = {CD278762-9ACD-48B2-BD8A-424C2CD42A38}
		{A2362D95-9F2B-4C00-8783-531C846938B3} = {58A5F63E-8FD1-45D4-B194-3B2EFE846C3F}
		{412F6107-B603-47CB-B324-722E4C2CC615} = {CD278762-9ACD-48B2-BD8A-424C2CD42A38}
		{936D62F3-A3DB-4F96-8D14-B15D681198E1} = {412F6107-B603-47CB-B324-722E4C2CC615}
		{D936FDB2-2901-4182-93DF-8C1D539D8DDA} = {9A321F61-F447-47D9-87B1-5CA67201BF2D}
		{4AB6A522-2DB6-4AD6-A7C1-B8A29AF5ADC9} = {BF0A4A12-4248-4DA6-9357-FED1990BDB2C}
		{CED91FE3-AFD0-4281-84B6-6AA2CE92AC67} = {8325F86A-12DC-4D97-8909-729330036F73}
		{A89DB39B-37EC-4170-8FEF-6F549A5201AB} = {2B34EC88-E0D3-4CB1-BB57-025814A0E176}
		{1CA5DE9F-63D6-4939-BCAB-884C51E7F082} = {B2369ED3-1F7E-4E57-BC60-82806E41B74E}
		{08AB9417-B6CA-4D67-906A-56D6B83E5C7B} = {5CEE8D8B-E5B8-43AB-925F-79A267EF772A}
		{B43589A4-DE94-4016-BD3E-C2BD228F2BC5} = {B6C24592-556D-4AB2-AE80-B79142707DA4}
		{B4456AB0-8C8F-44AC-A8C1-624B0D926B41} = {CD278762-9ACD-48B2-BD8A-424C2CD42A38}
		{2C22E83A-18D8-44D6-8684-B4035D4EA478} = {B4456AB0-8C8F-44AC-A8C1-624B0D926B41}
		{947CF2A8-EEE0-4E1E-B79E-71829D78C47C} = {FA789B5F-0C2D-4E0C-8D09-260ECF13BDA9}
		{09AC8091-4F38-4CE8-BFF5-5D26F1863E59} = {45CDD342-2F02-446E-BE63-F30AEC9B6B94}
		{8735F084-769E-4138-9A1F-745623F702E2} = {1F170898-FB91-4813-B7EC-F299CFAAD6C8}
		{1ACB63A6-7A4D-48AE-A129-53F0CA7CC054} = {CD278762-9ACD-48B2-BD8A-424C2CD42A38}
		{300D165E-BE6D-443A-B501-D05B0518068C} = {1ACB63A6-7A4D-48AE-A129-53F0CA7CC054}
		{9220B665-B268-498D-935A-2BD06881580A} = {CD278762-9ACD-48B2-BD8A-424C2CD42A38}
		{E1C7ABCC-7EF7-4B8F-8F66-0B892833EA72} = {9220B665-B268-498D-935A-2BD06881580A}
		{F8801373-3AA3-4815-89E5-3B1D83C90C12} = {CD278762-9ACD-48B2-BD8A-424C2CD42A38}
		{D57B0CBE-E43F-4EC6-9D7F-1004325D894E} = {F8801373-3AA3-4815-89E5-3B1D83C90C12}
		{FF87E858-8DF8-48FD-88BF-9E7BE75983A9} = {3AE48ABE-16A9-47E6-BC98-DC6DB676195E}
		{C6B00EEB-6550-4B98-8BCC-494178F4A8E0} = {FFE39D66-D058-493B-9737-987E0B9885F4}
		{22A456F2-83C1-4C1E-BFD7-AC18D28BF0FC} = {83C8FCE9-DD4D-4FC8-A7F2-D78F4D508BA8}
		{F6D7EE5B-D755-4187-B61D-7C8F6B1219B4} = {1162E8F8-7781-448E-9864-02E816705243}
		{668E9B74-7692-4333-B4C7-8D0DA92D19A2} = {9EAC3929-F5CE-4E5D-98BE-F6F444CA5EF1}
		{F091BF7C-1D21-40F7-93C2-2A346400DDBF} = {CD278762-9ACD-48B2-BD8A-424C2CD42A38}
		{5D45FBFB-D703-44D9-9F60-B5C12B5375E6} = {F091BF7C-1D21-40F7-93C2-2A346400DDBF}
		{20E6137D-925E-4E51-8388-78876347C953} = {D96318A9-E52F-41FB-9C29-24E89BB315D3}
		{058FB5A2-7F6C-4DE9-8029-A60870C0C75C} = {CD278762-9ACD-48B2-BD8A-424C2CD42A38}
		{05C3E152-C272-445B-87D2-8E8B9C6383F4} = {058FB5A2-7F6C-4DE9-8029-A60870C0C75C}
		{5EF5D3DF-D143-4066-A4B6-F7DA5A4ECB3D} = {E12C742B-C8FF-4B2D-BC4A-6A42510C1FE1}
		{08E9AA4B-2667-4F61-9CA5-6B4D0C4CA6E2} = {EBF09046-CA24-49A6-8007-BC416A82C5D1}
		{11C60111-1B5B-48BE-B217-4A5DAE418D00} = {CD278762-9ACD-48B2-BD8A-424C2CD42A38}
		{B8C5B91A-D8A1-437B-BE29-F250CCE80AA3} = {11C60111-1B5B-48BE-B217-4A5DAE418D00}
		{7EC8555B-4EE0-4B0E-AA64-254445F741AF} = {CD278762-9ACD-48B2-BD8A-424C2CD42A38}
		{71756E6E-66BD-46CF-8E39-92AA2A14452C} = {7EC8555B-4EE0-4B0E-AA64-254445F741AF}
		{9FC5F1F1-4A5A-4496-97AC-6A1857159D8E} = {CD278762-9ACD-48B2-BD8A-424C2CD42A38}
		{C9D12141-17D9-423F-8B8F-1D376F898DF8} = {9FC5F1F1-4A5A-4496-97AC-6A1857159D8E}
		{357D91E0-8627-4090-947A-AB02BE8CBD60} = {A2F41DFF-7FE0-4B48-9482-B79C07BA13C7}
		{87899B53-9381-4AC0-892D-62DDA19EBB52} = {5CEE8D8B-E5B8-43AB-925F-79A267EF772A}
		{80C2992A-77C8-4938-8AC3-89EBE17137CA} = {25E50513-CA7C-43B2-B9F8-E4684F9A3085}
		{136D61B1-48FD-4836-AA69-546930851D8F} = {CD278762-9ACD-48B2-BD8A-424C2CD42A38}
		{F8ED3432-A77A-4ACA-8E41-D4F7CD32700D} = {136D61B1-48FD-4836-AA69-546930851D8F}
	EndGlobalSection
	GlobalSection(ExtensibilityGlobals) = postSolution
		SolutionGuid = {D20EC653-9AB2-4390-80D0-3B8BEC2529F8}
	EndGlobalSection
EndGlobal
